<?xml version="1.0" encoding="utf-8"?>
<Project ToolsVersion="4.0" xmlns="http://schemas.microsoft.com/developer/msbuild/2003">
  <ItemGroup>
    <ClCompile Include="MosaicDataProvider.cpp">
      <Filter>Source Files</Filter>
    </ClCompile>
    <ClCompile Include="radarMosaicDataProvider.cpp">
      <Filter>Source Files</Filter>
    </ClCompile>
    <ClCompile Include="CDraw3dColumn.cpp">
      <Filter>Source Files</Filter>
    </ClCompile>
    <ClCompile Include="Draw3dPieChart.cpp">
      <Filter>Source Files</Filter>
    </ClCompile>
    <ClCompile Include="AreaStatistic.cpp">
      <Filter>Source Files</Filter>
    </ClCompile>
  </ItemGroup>
  <ItemGroup>
    <ClInclude Include="MosaicDataProvider.h">
      <Filter>Header Files</Filter>
    </ClInclude>
    <ClInclude Include="RadarDPConfig.h">
      <Filter>Header Files</Filter>
    </ClInclude>
    <ClInclude Include="radarMosaicDataProvider.h">
      <Filter>Header Files</Filter>
    </ClInclude>
    <ClInclude Include="Draw3dPieChart.h">
      <Filter>Header Files</Filter>
    </ClInclude>
    <ClInclude Include="CDraw3dColumn.h">
      <Filter>Header Files</Filter>
    </ClInclude>
    <ClInclude Include="AreaStatistic.h">
      <Filter>Header Files</Filter>
    </ClInclude>
  </ItemGroup>
  <ItemGroup>
    <Filter Include="Header Files">
      <UniqueIdentifier>{b76f0352-f7ff-474c-a6f6-a1bc2652e883}</UniqueIdentifier>
    </Filter>
    <Filter Include="Source Files">
      <UniqueIdentifier>{13ddd43f-37b3-48f6-b835-437762ed3911}</UniqueIdentifier>
    </Filter>
    <Filter Include="Generated Files">
      <UniqueIdentifier>{fa73f7ae-9876-4716-841a-fb5c57c1e6ce}</UniqueIdentifier>
    </Filter>
  </ItemGroup>
</Project>