<?xml version="1.0" encoding="utf-8"?>
<Project ToolsVersion="4.0" xmlns="http://schemas.microsoft.com/developer/msbuild/2003">
  <ItemGroup>
    <Filter Include="Source Files">
      <UniqueIdentifier>{4FC737F1-C7A5-4376-A066-2A32D752A2FF}</UniqueIdentifier>
      <Extensions>cpp;c;cc;cxx;def;odl;idl;hpj;bat;asm;asmx</Extensions>
    </Filter>
    <Filter Include="Header Files">
      <UniqueIdentifier>{93995380-89BD-4b04-88EB-625FBE52EBFB}</UniqueIdentifier>
      <Extensions>h;hpp;hxx;hm;inl;inc;xsd</Extensions>
    </Filter>
    <Filter Include="Resource Files">
      <UniqueIdentifier>{67DA6AB6-F800-4c08-8B7A-83BB121AAD01}</UniqueIdentifier>
      <Extensions>rc;ico;cur;bmp;dlg;rc2;rct;bin;rgs;gif;jpg;jpeg;jpe;resx;tiff;tif;png;wav;mfcribbon-ms</Extensions>
    </Filter>
  </ItemGroup>
  <ItemGroup>
    <ClCompile Include="galloc.cpp">
      <Filter>Source Files</Filter>
    </ClCompile>
    <ClCompile Include="gauser.cpp">
      <Filter>Source Files</Filter>
    </ClCompile>
    <ClCompile Include="gatxt.cpp">
      <Filter>Source Files</Filter>
    </ClCompile>
    <ClCompile Include="grib2scan.cpp">
      <Filter>Source Files</Filter>
    </ClCompile>
    <ClCompile Include="gautil.cpp">
      <Filter>Source Files</Filter>
    </ClCompile>
    <ClCompile Include="gamach.cpp">
      <Filter>Source Files</Filter>
    </ClCompile>
    <ClCompile Include="gagx.cpp">
      <Filter>Source Files</Filter>
    </ClCompile>
    <ClCompile Include="gaexpr.cpp">
      <Filter>Source Files</Filter>
    </ClCompile>
    <ClCompile Include="gxsubs.cpp">
      <Filter>Source Files</Filter>
    </ClCompile>
    <ClCompile Include="gxmeta.cpp">
      <Filter>Source Files</Filter>
    </ClCompile>
    <ClCompile Include="gxchpl.cpp">
      <Filter>Source Files</Filter>
    </ClCompile>
    <ClCompile Include="gxcntrs.cpp">
      <Filter>Source Files</Filter>
    </ClCompile>
    <ClCompile Include="gxX.cpp">
      <Filter>Source Files</Filter>
    </ClCompile>
    <ClCompile Include="gxshad.cpp">
      <Filter>Source Files</Filter>
    </ClCompile>
    <ClCompile Include="gabufr.cpp">
      <Filter>Source Files</Filter>
    </ClCompile>
    <ClCompile Include="gaddes.cpp">
      <Filter>Source Files</Filter>
    </ClCompile>
    <ClCompile Include="gaio.cpp">
      <Filter>Source Files</Filter>
    </ClCompile>
    <ClCompile Include="gxwmap.cpp">
      <Filter>Source Files</Filter>
    </ClCompile>
    <ClCompile Include="GradsProvider.cpp">
      <Filter>Source Files</Filter>
    </ClCompile>
    <ClCompile Include="grads.cpp">
      <Filter>Source Files</Filter>
    </ClCompile>
    <ClCompile Include="gafunc.cpp">
      <Filter>Source Files</Filter>
    </ClCompile>
    <ClCompile Include="gxstrm.cpp">
      <Filter>Source Files</Filter>
    </ClCompile>
    <ClCompile Include="stnmap.cpp">
      <Filter>Source Files</Filter>
    </ClCompile>
    <ClCompile Include="gscrpt.cpp">
      <Filter>Source Files</Filter>
    </ClCompile>
    <ClCompile Include="MeteorologyProducts.cpp">
      <Filter>Source Files</Filter>
    </ClCompile>
    <ClCompile Include="GeneralContour.cpp">
      <Filter>Source Files</Filter>
    </ClCompile>
    <ClCompile Include="GeneralVector.cpp">
      <Filter>Source Files</Filter>
    </ClCompile>
    <ClCompile Include="GeneralBarb.cpp">
      <Filter>Source Files</Filter>
    </ClCompile>
    <ClCompile Include="GeneralStream.cpp">
      <Filter>Source Files</Filter>
    </ClCompile>
    <ClCompile Include="GeneralGird.cpp">
      <Filter>Source Files</Filter>
    </ClCompile>
    <ClCompile Include="GeneralPolylineBar.cpp">
      <Filter>Source Files</Filter>
    </ClCompile>
    <ClCompile Include="GeneralShaded.cpp">
      <Filter>Source Files</Filter>
    </ClCompile>
    <ClCompile Include="CressmanInterpolation.cpp">
      <Filter>Source Files</Filter>
    </ClCompile>
    <ClCompile Include="Interpolation_InverseDistance.cpp">
      <Filter>Source Files</Filter>
    </ClCompile>
    <ClCompile Include="Interpolation_NaturalNeighbour.cpp">
      <Filter>Source Files</Filter>
    </ClCompile>
    <ClCompile Include="NinePointSmoother.cpp">
      <Filter>Source Files</Filter>
    </ClCompile>
    <ClCompile Include="GradsDataInterfaceImp.cpp">
      <Filter>Source Files</Filter>
    </ClCompile>
    <ClCompile Include="GeneralShadedLineBound.cpp">
      <Filter>Source Files</Filter>
    </ClCompile>
  </ItemGroup>
  <ItemGroup>
    <ClInclude Include="grads.h">
      <Filter>Header Files</Filter>
    </ClInclude>
    <ClInclude Include="gatypes.h">
      <Filter>Header Files</Filter>
    </ClInclude>
    <ClInclude Include="galloc.h">
      <Filter>Header Files</Filter>
    </ClInclude>
    <ClInclude Include="gauser.h">
      <Filter>Header Files</Filter>
    </ClInclude>
    <ClInclude Include="gatxt.h">
      <Filter>Header Files</Filter>
    </ClInclude>
    <ClInclude Include="grib2scan.h">
      <Filter>Header Files</Filter>
    </ClInclude>
    <ClInclude Include="gautil.h">
      <Filter>Header Files</Filter>
    </ClInclude>
    <ClInclude Include="gamach.h">
      <Filter>Header Files</Filter>
    </ClInclude>
    <ClInclude Include="config.h">
      <Filter>Header Files</Filter>
    </ClInclude>
    <ClInclude Include="gagx.h">
      <Filter>Header Files</Filter>
    </ClInclude>
    <ClInclude Include="gx.h">
      <Filter>Header Files</Filter>
    </ClInclude>
    <ClInclude Include="wx.h">
      <Filter>Header Files</Filter>
    </ClInclude>
    <ClInclude Include="gaexpr.h">
      <Filter>Header Files</Filter>
    </ClInclude>
    <ClInclude Include="gxsubs.h">
      <Filter>Header Files</Filter>
    </ClInclude>
    <ClInclude Include="gxmeta.h">
      <Filter>Header Files</Filter>
    </ClInclude>
    <ClInclude Include="gxX.h">
      <Filter>Header Files</Filter>
    </ClInclude>
    <ClInclude Include="gxchpl.h">
      <Filter>Header Files</Filter>
    </ClInclude>
    <ClInclude Include="gxcntrs.h">
      <Filter>Header Files</Filter>
    </ClInclude>
    <ClInclude Include="gxshad.h">
      <Filter>Header Files</Filter>
    </ClInclude>
    <ClInclude Include="gabufr.h">
      <Filter>Header Files</Filter>
    </ClInclude>
    <ClInclude Include="gaddes.h">
      <Filter>Header Files</Filter>
    </ClInclude>
    <ClInclude Include="gaio.h">
      <Filter>Header Files</Filter>
    </ClInclude>
    <ClInclude Include="gxwmap.h">
      <Filter>Header Files</Filter>
    </ClInclude>
    <ClInclude Include="bitmaps.h">
      <Filter>Header Files</Filter>
    </ClInclude>
    <ClInclude Include="gxstrm.h">
      <Filter>Header Files</Filter>
    </ClInclude>
    <ClInclude Include="gafunc.h">
      <Filter>Header Files</Filter>
    </ClInclude>
    <ClInclude Include="GradsConfig.h">
      <Filter>Header Files</Filter>
    </ClInclude>
    <ClInclude Include="stnmap.h">
      <Filter>Header Files</Filter>
    </ClInclude>
    <ClInclude Include="gscrpt.h">
      <Filter>Header Files</Filter>
    </ClInclude>
    <ClInclude Include="MeteorologyProducts.h">
      <Filter>Header Files</Filter>
    </ClInclude>
    <ClInclude Include="GeneralContour.h">
      <Filter>Header Files</Filter>
    </ClInclude>
    <ClInclude Include="GeneralVector.h">
      <Filter>Header Files</Filter>
    </ClInclude>
    <ClInclude Include="GeneralBarb.h">
      <Filter>Header Files</Filter>
    </ClInclude>
    <ClInclude Include="GeneralStream.h">
      <Filter>Header Files</Filter>
    </ClInclude>
    <ClInclude Include="GeneralGird.h">
      <Filter>Header Files</Filter>
    </ClInclude>
    <ClInclude Include="GeneralPolylineBar.h">
      <Filter>Header Files</Filter>
    </ClInclude>
    <ClInclude Include="GeneralShaded.h">
      <Filter>Header Files</Filter>
    </ClInclude>
    <ClInclude Include="QT_Include.h">
      <Filter>Header Files</Filter>
    </ClInclude>
    <ClInclude Include="CressmanInterpolation.h">
      <Filter>Header Files</Filter>
    </ClInclude>
    <ClInclude Include="Interpolation_InverseDistance.h">
      <Filter>Header Files</Filter>
    </ClInclude>
    <ClInclude Include="Interpolation_NaturalNeighbour.h">
      <Filter>Header Files</Filter>
    </ClInclude>
    <ClInclude Include="NinePointSmoother.h">
      <Filter>Header Files</Filter>
    </ClInclude>
    <ClInclude Include="DataInterface.h">
      <Filter>Header Files</Filter>
    </ClInclude>
    <ClInclude Include="GradsDataInterfaceImp.h">
      <Filter>Header Files</Filter>
    </ClInclude>
    <ClInclude Include="GeneralShadedLineBound.h">
      <Filter>Header Files</Filter>
    </ClInclude>
  </ItemGroup>
  <ItemGroup>
    <CustomBuild Include="GradsProvider.h">
      <Filter>Header Files</Filter>
    </CustomBuild>
  </ItemGroup>
  <ItemGroup>
    <None Include="ClassDiagram1.cd" />
  </ItemGroup>
</Project>