
Microsoft Visual Studio Solution File, Format Version 11.00
# Visual Studio 2010
Project("{8BC9CEB8-8B4A-11D0-8D11-00A0C91BC942}") = "IDPUI", "IDPUI\IDPUI.vcxproj", "{13D3964C-7F31-474D-8F73-760A4343DB29}"
EndProject
Project("{8BC9CEB8-8B4A-11D0-8D11-00A0C91BC942}") = "GISDBEngine", "GISDBEngine\GISDBEngine.vcxproj", "{3278690A-FA30-4D60-B1E7-FDAC2EDB79D9}"
EndProject
Project("{8BC9CEB8-8B4A-11D0-8D11-00A0C91BC942}") = "GeosOnTheOsg", "GeosOnTheOsg\GeosOnTheOsg.vcxproj", "{930C2214-BA52-4EEB-A76B-732021EBD809}"
EndProject
Project("{8BC9CEB8-8B4A-11D0-8D11-00A0C91BC942}") = "GraphicsControler", "GraphicsControler\GraphicsControler.vcxproj", "{541250D7-69EE-4ACA-84C8-6DF37B616DF0}"
EndProject
Project("{8BC9CEB8-8B4A-11D0-8D11-00A0C91BC942}") = "XMLProvider", "XMLProvider\XMLProvider.vcxproj", "{1361A603-706F-4821-B686-50855FA6ACD7}"
EndProject
Project("{8BC9CEB8-8B4A-11D0-8D11-00A0C91BC942}") = "GDataTypes", "GDataTypes\GDataTypes.vcxproj", "{ACD378D4-B43C-4124-8FF2-5D71DFB2F9CA}"
EndProject
Project("{8BC9CEB8-8B4A-11D0-8D11-00A0C91BC942}") = "RadarSingleDataProvider", "RadarSingleDataProvider\RadarSingleDataProvider.vcxproj", "{08E71CEC-AE12-446C-8151-C6E1D999D4C5}"
EndProject
Project("{8BC9CEB8-8B4A-11D0-8D11-00A0C91BC942}") = "RadarMosaicDataProvider", "RadarMosaicDataProvider\RadarProductDataProvider.vcxproj", "{19E31308-67F6-4D3F-AFDC-636C4E695E33}"
EndProject
Project("{8BC9CEB8-8B4A-11D0-8D11-00A0C91BC942}") = "RadarStructDataProvider", "RadarStructDataProvider\RadarStructDataProvider.vcxproj", "{5C851B30-EC38-4F9E-87BC-C2FB280B8857}"
EndProject
Project("{8BC9CEB8-8B4A-11D0-8D11-00A0C91BC942}") = "DBManager", "DBManager\DBManager.vcxproj", "{2B8A5155-165C-4C37-915A-B70FCF5C3FB5}"
EndProject
Project("{8BC9CEB8-8B4A-11D0-8D11-00A0C91BC942}") = "MonitorFileToDB", "MonitorFileToDB\MonitorFileToDB.vcxproj", "{7A4979BF-0D47-453E-A7AA-694AC38AB718}"
EndProject
Project("{8BC9CEB8-8B4A-11D0-8D11-00A0C91BC942}") = "GradsProvider", "GradsProvider\GradsProvider.vcxproj", "{02E232C6-638D-4B81-BE68-15968C85FE5B}"
EndProject
Project("{8BC9CEB8-8B4A-11D0-8D11-00A0C91BC942}") = "CDataElement", "CDataElement\CDataElement.vcxproj", "{FD1AF595-1249-44A6-BA00-10C0E953CB58}"
EndProject
Project("{8BC9CEB8-8B4A-11D0-8D11-00A0C91BC942}") = "GISExtend", "GISExtend\GISExtend.vcxproj", "{3245EAD2-FE63-4D06-BF3E-49E7EFDA5760}"
EndProject
Project("{8BC9CEB8-8B4A-11D0-8D11-00A0C91BC942}") = "EarthquakeDataProvider", "EarthquakeDataProvider\EarthquakeDataProvider.vcxproj", "{FCD2A049-B023-4D20-A517-3AA510DB8E33}"
EndProject
Project("{8BC9CEB8-8B4A-11D0-8D11-00A0C91BC942}") = "TMUI", "TMUI\TMUI.vcxproj", "{1D199E03-FFE8-48A8-A4E5-FA40B450EE69}"
EndProject
Project("{2150E333-8FDC-42A3-9474-1A3956D46DE8}") = "DataProvider", "DataProvider", "{42F85F0F-73BE-44D8-B58A-CB2FDEBF5F90}"
EndProject
Project("{2150E333-8FDC-42A3-9474-1A3956D46DE8}") = "GIS", "GIS", "{4E08D7D3-A2AD-4F0B-8D2B-EB1E34E53CCA}"
EndProject
Project("{2150E333-8FDC-42A3-9474-1A3956D46DE8}") = "UI", "UI", "{41D8DC60-3990-460A-8547-863BA2AC2DD5}"
EndProject
Project("{2150E333-8FDC-42A3-9474-1A3956D46DE8}") = "APP", "APP", "{3E55F91A-7267-4561-ADFF-08B0F0F87CBB}"
EndProject
Project("{8BC9CEB8-8B4A-11D0-8D11-00A0C91BC942}") = "TIFFProvider", "TIFFProvider\TIFFProvider.vcxproj", "{16E1DCC7-752D-406D-8E5B-255A6198B513}"
EndProject
Project("{8BC9CEB8-8B4A-11D0-8D11-00A0C91BC942}") = "IDP_CONTROL", "IDP_CONTROL\IDP_CONTROL.vcxproj", "{ACEC793B-100D-47C7-822D-F64DBD96B02E}"
EndProject
Project("{8BC9CEB8-8B4A-11D0-8D11-00A0C91BC942}") = "IDP", "IDP\IDP.vcxproj", "{445229AF-7813-4F1D-9A9E-AFB1DE5BE5B1}"
EndProject
Global
	GlobalSection(SolutionConfigurationPlatforms) = preSolution
		Debug Dll Unicode|Win32 = Debug Dll Unicode|Win32
		Debug|Win32 = Debug|Win32
		Release Dll Unicode|Win32 = Release Dll Unicode|Win32
		Release|Win32 = Release|Win32
	EndGlobalSection
	GlobalSection(ProjectConfigurationPlatforms) = postSolution
		{13D3964C-7F31-474D-8F73-760A4343DB29}.Debug Dll Unicode|Win32.ActiveCfg = Debug|Win32
		{13D3964C-7F31-474D-8F73-760A4343DB29}.Debug|Win32.ActiveCfg = Debug|Win32
		{13D3964C-7F31-474D-8F73-760A4343DB29}.Debug|Win32.Build.0 = Debug|Win32
		{13D3964C-7F31-474D-8F73-760A4343DB29}.Release Dll Unicode|Win32.ActiveCfg = Release|Win32
		{13D3964C-7F31-474D-8F73-760A4343DB29}.Release|Win32.ActiveCfg = Release|Win32
		{13D3964C-7F31-474D-8F73-760A4343DB29}.Release|Win32.Build.0 = Release|Win32
		{3278690A-FA30-4D60-B1E7-FDAC2EDB79D9}.Debug Dll Unicode|Win32.ActiveCfg = Debug|Win32
		{3278690A-FA30-4D60-B1E7-FDAC2EDB79D9}.Debug|Win32.ActiveCfg = Debug|Win32
		{3278690A-FA30-4D60-B1E7-FDAC2EDB79D9}.Debug|Win32.Build.0 = Debug|Win32
		{3278690A-FA30-4D60-B1E7-FDAC2EDB79D9}.Release Dll Unicode|Win32.ActiveCfg = Release|Win32
		{3278690A-FA30-4D60-B1E7-FDAC2EDB79D9}.Release|Win32.ActiveCfg = Release|Win32
		{3278690A-FA30-4D60-B1E7-FDAC2EDB79D9}.Release|Win32.Build.0 = Release|Win32
		{930C2214-BA52-4EEB-A76B-732021EBD809}.Debug Dll Unicode|Win32.ActiveCfg = Debug|Win32
		{930C2214-BA52-4EEB-A76B-732021EBD809}.Debug|Win32.ActiveCfg = Debug|Win32
		{930C2214-BA52-4EEB-A76B-732021EBD809}.Debug|Win32.Build.0 = Debug|Win32
		{930C2214-BA52-4EEB-A76B-732021EBD809}.Release Dll Unicode|Win32.ActiveCfg = Release|Win32
		{930C2214-BA52-4EEB-A76B-732021EBD809}.Release|Win32.ActiveCfg = Release|Win32
		{930C2214-BA52-4EEB-A76B-732021EBD809}.Release|Win32.Build.0 = Release|Win32
		{541250D7-69EE-4ACA-84C8-6DF37B616DF0}.Debug Dll Unicode|Win32.ActiveCfg = Debug|Win32
		{541250D7-69EE-4ACA-84C8-6DF37B616DF0}.Debug|Win32.ActiveCfg = Debug|Win32
		{541250D7-69EE-4ACA-84C8-6DF37B616DF0}.Debug|Win32.Build.0 = Debug|Win32
		{541250D7-69EE-4ACA-84C8-6DF37B616DF0}.Release Dll Unicode|Win32.ActiveCfg = Release|Win32
		{541250D7-69EE-4ACA-84C8-6DF37B616DF0}.Release|Win32.ActiveCfg = Release|Win32
		{541250D7-69EE-4ACA-84C8-6DF37B616DF0}.Release|Win32.Build.0 = Release|Win32
		{1361A603-706F-4821-B686-50855FA6ACD7}.Debug Dll Unicode|Win32.ActiveCfg = Debug|Win32
		{1361A603-706F-4821-B686-50855FA6ACD7}.Debug|Win32.ActiveCfg = Debug|Win32
		{1361A603-706F-4821-B686-50855FA6ACD7}.Debug|Win32.Build.0 = Debug|Win32
		{1361A603-706F-4821-B686-50855FA6ACD7}.Release Dll Unicode|Win32.ActiveCfg = Release|Win32
		{1361A603-706F-4821-B686-50855FA6ACD7}.Release|Win32.ActiveCfg = Release|Win32
		{1361A603-706F-4821-B686-50855FA6ACD7}.Release|Win32.Build.0 = Release|Win32
		{ACD378D4-B43C-4124-8FF2-5D71DFB2F9CA}.Debug Dll Unicode|Win32.ActiveCfg = Debug|Win32
		{ACD378D4-B43C-4124-8FF2-5D71DFB2F9CA}.Debug|Win32.ActiveCfg = Debug|Win32
		{ACD378D4-B43C-4124-8FF2-5D71DFB2F9CA}.Debug|Win32.Build.0 = Debug|Win32
		{ACD378D4-B43C-4124-8FF2-5D71DFB2F9CA}.Release Dll Unicode|Win32.ActiveCfg = Release|Win32
		{ACD378D4-B43C-4124-8FF2-5D71DFB2F9CA}.Release|Win32.ActiveCfg = Release|Win32
		{ACD378D4-B43C-4124-8FF2-5D71DFB2F9CA}.Release|Win32.Build.0 = Release|Win32
		{08E71CEC-AE12-446C-8151-C6E1D999D4C5}.Debug Dll Unicode|Win32.ActiveCfg = Debug|Win32
		{08E71CEC-AE12-446C-8151-C6E1D999D4C5}.Debug|Win32.ActiveCfg = Debug|Win32
		{08E71CEC-AE12-446C-8151-C6E1D999D4C5}.Debug|Win32.Build.0 = Debug|Win32
		{08E71CEC-AE12-446C-8151-C6E1D999D4C5}.Release Dll Unicode|Win32.ActiveCfg = Release|Win32
		{08E71CEC-AE12-446C-8151-C6E1D999D4C5}.Release|Win32.ActiveCfg = Release|Win32
		{08E71CEC-AE12-446C-8151-C6E1D999D4C5}.Release|Win32.Build.0 = Release|Win32
		{19E31308-67F6-4D3F-AFDC-636C4E695E33}.Debug Dll Unicode|Win32.ActiveCfg = Debug|Win32
		{19E31308-67F6-4D3F-AFDC-636C4E695E33}.Debug|Win32.ActiveCfg = Debug|Win32
		{19E31308-67F6-4D3F-AFDC-636C4E695E33}.Debug|Win32.Build.0 = Debug|Win32
		{19E31308-67F6-4D3F-AFDC-636C4E695E33}.Release Dll Unicode|Win32.ActiveCfg = Release|Win32
		{19E31308-67F6-4D3F-AFDC-636C4E695E33}.Release|Win32.ActiveCfg = Release|Win32
		{19E31308-67F6-4D3F-AFDC-636C4E695E33}.Release|Win32.Build.0 = Release|Win32
		{5C851B30-EC38-4F9E-87BC-C2FB280B8857}.Debug Dll Unicode|Win32.ActiveCfg = Debug|Win32
		{5C851B30-EC38-4F9E-87BC-C2FB280B8857}.Debug|Win32.ActiveCfg = Debug|Win32
		{5C851B30-EC38-4F9E-87BC-C2FB280B8857}.Debug|Win32.Build.0 = Debug|Win32
		{5C851B30-EC38-4F9E-87BC-C2FB280B8857}.Release Dll Unicode|Win32.ActiveCfg = Release|Win32
		{5C851B30-EC38-4F9E-87BC-C2FB280B8857}.Release|Win32.ActiveCfg = Release|Win32
		{5C851B30-EC38-4F9E-87BC-C2FB280B8857}.Release|Win32.Build.0 = Release|Win32
		{2B8A5155-165C-4C37-915A-B70FCF5C3FB5}.Debug Dll Unicode|Win32.ActiveCfg = Debug|Win32
		{2B8A5155-165C-4C37-915A-B70FCF5C3FB5}.Debug|Win32.ActiveCfg = Debug|Win32
		{2B8A5155-165C-4C37-915A-B70FCF5C3FB5}.Debug|Win32.Build.0 = Debug|Win32
		{2B8A5155-165C-4C37-915A-B70FCF5C3FB5}.Release Dll Unicode|Win32.ActiveCfg = Release|Win32
		{2B8A5155-165C-4C37-915A-B70FCF5C3FB5}.Release|Win32.ActiveCfg = Release|Win32
		{2B8A5155-165C-4C37-915A-B70FCF5C3FB5}.Release|Win32.Build.0 = Release|Win32
		{7A4979BF-0D47-453E-A7AA-694AC38AB718}.Debug Dll Unicode|Win32.ActiveCfg = Debug|Win32
		{7A4979BF-0D47-453E-A7AA-694AC38AB718}.Debug|Win32.ActiveCfg = Debug|Win32
		{7A4979BF-0D47-453E-A7AA-694AC38AB718}.Debug|Win32.Build.0 = Debug|Win32
		{7A4979BF-0D47-453E-A7AA-694AC38AB718}.Release Dll Unicode|Win32.ActiveCfg = Release|Win32
		{7A4979BF-0D47-453E-A7AA-694AC38AB718}.Release|Win32.ActiveCfg = Release|Win32
		{7A4979BF-0D47-453E-A7AA-694AC38AB718}.Release|Win32.Build.0 = Release|Win32
		{02E232C6-638D-4B81-BE68-15968C85FE5B}.Debug Dll Unicode|Win32.ActiveCfg = Debug|Win32
		{02E232C6-638D-4B81-BE68-15968C85FE5B}.Debug|Win32.ActiveCfg = Debug|Win32
		{02E232C6-638D-4B81-BE68-15968C85FE5B}.Debug|Win32.Build.0 = Debug|Win32
		{02E232C6-638D-4B81-BE68-15968C85FE5B}.Release Dll Unicode|Win32.ActiveCfg = Release|Win32
		{02E232C6-638D-4B81-BE68-15968C85FE5B}.Release|Win32.ActiveCfg = Release|Win32
		{02E232C6-638D-4B81-BE68-15968C85FE5B}.Release|Win32.Build.0 = Release|Win32
		{FD1AF595-1249-44A6-BA00-10C0E953CB58}.Debug Dll Unicode|Win32.ActiveCfg = Debug|Win32
		{FD1AF595-1249-44A6-BA00-10C0E953CB58}.Debug|Win32.ActiveCfg = Debug|Win32
		{FD1AF595-1249-44A6-BA00-10C0E953CB58}.Debug|Win32.Build.0 = Debug|Win32
		{FD1AF595-1249-44A6-BA00-10C0E953CB58}.Release Dll Unicode|Win32.ActiveCfg = Release|Win32
		{FD1AF595-1249-44A6-BA00-10C0E953CB58}.Release|Win32.ActiveCfg = Release|Win32
		{FD1AF595-1249-44A6-BA00-10C0E953CB58}.Release|Win32.Build.0 = Release|Win32
		{3245EAD2-FE63-4D06-BF3E-49E7EFDA5760}.Debug Dll Unicode|Win32.ActiveCfg = Debug|Win32
		{3245EAD2-FE63-4D06-BF3E-49E7EFDA5760}.Debug|Win32.ActiveCfg = Debug|Win32
		{3245EAD2-FE63-4D06-BF3E-49E7EFDA5760}.Debug|Win32.Build.0 = Debug|Win32
		{3245EAD2-FE63-4D06-BF3E-49E7EFDA5760}.Release Dll Unicode|Win32.ActiveCfg = Release|Win32
		{3245EAD2-FE63-4D06-BF3E-49E7EFDA5760}.Release|Win32.ActiveCfg = Release|Win32
		{3245EAD2-FE63-4D06-BF3E-49E7EFDA5760}.Release|Win32.Build.0 = Release|Win32
		{FCD2A049-B023-4D20-A517-3AA510DB8E33}.Debug Dll Unicode|Win32.ActiveCfg = Debug|Win32
		{FCD2A049-B023-4D20-A517-3AA510DB8E33}.Debug|Win32.ActiveCfg = Debug|Win32
		{FCD2A049-B023-4D20-A517-3AA510DB8E33}.Debug|Win32.Build.0 = Debug|Win32
		{FCD2A049-B023-4D20-A517-3AA510DB8E33}.Release Dll Unicode|Win32.ActiveCfg = Release|Win32
		{FCD2A049-B023-4D20-A517-3AA510DB8E33}.Release|Win32.ActiveCfg = Release|Win32
		{FCD2A049-B023-4D20-A517-3AA510DB8E33}.Release|Win32.Build.0 = Release|Win32
		{1D199E03-FFE8-48A8-A4E5-FA40B450EE69}.Debug Dll Unicode|Win32.ActiveCfg = Debug|Win32
		{1D199E03-FFE8-48A8-A4E5-FA40B450EE69}.Debug|Win32.ActiveCfg = Debug|Win32
		{1D199E03-FFE8-48A8-A4E5-FA40B450EE69}.Debug|Win32.Build.0 = Debug|Win32
		{1D199E03-FFE8-48A8-A4E5-FA40B450EE69}.Release Dll Unicode|Win32.ActiveCfg = Release|Win32
		{1D199E03-FFE8-48A8-A4E5-FA40B450EE69}.Release|Win32.ActiveCfg = Release|Win32
		{1D199E03-FFE8-48A8-A4E5-FA40B450EE69}.Release|Win32.Build.0 = Release|Win32
		{16E1DCC7-752D-406D-8E5B-255A6198B513}.Debug Dll Unicode|Win32.ActiveCfg = Debug|Win32
		{16E1DCC7-752D-406D-8E5B-255A6198B513}.Debug Dll Unicode|Win32.Build.0 = Debug|Win32
		{16E1DCC7-752D-406D-8E5B-255A6198B513}.Debug|Win32.ActiveCfg = Debug|Win32
		{16E1DCC7-752D-406D-8E5B-255A6198B513}.Debug|Win32.Build.0 = Debug|Win32
		{16E1DCC7-752D-406D-8E5B-255A6198B513}.Release Dll Unicode|Win32.ActiveCfg = Release|Win32
		{16E1DCC7-752D-406D-8E5B-255A6198B513}.Release Dll Unicode|Win32.Build.0 = Release|Win32
		{16E1DCC7-752D-406D-8E5B-255A6198B513}.Release|Win32.ActiveCfg = Release|Win32
		{16E1DCC7-752D-406D-8E5B-255A6198B513}.Release|Win32.Build.0 = Release|Win32
		{ACEC793B-100D-47C7-822D-F64DBD96B02E}.Debug Dll Unicode|Win32.ActiveCfg = Debug|Win32
		{ACEC793B-100D-47C7-822D-F64DBD96B02E}.Debug|Win32.ActiveCfg = Debug|Win32
		{ACEC793B-100D-47C7-822D-F64DBD96B02E}.Debug|Win32.Build.0 = Debug|Win32
		{ACEC793B-100D-47C7-822D-F64DBD96B02E}.Release Dll Unicode|Win32.ActiveCfg = Release|Win32
		{ACEC793B-100D-47C7-822D-F64DBD96B02E}.Release|Win32.ActiveCfg = Release|Win32
		{ACEC793B-100D-47C7-822D-F64DBD96B02E}.Release|Win32.Build.0 = Release|Win32
		{445229AF-7813-4F1D-9A9E-AFB1DE5BE5B1}.Debug Dll Unicode|Win32.ActiveCfg = Debug|Win32
		{445229AF-7813-4F1D-9A9E-AFB1DE5BE5B1}.Debug|Win32.ActiveCfg = Debug|Win32
		{445229AF-7813-4F1D-9A9E-AFB1DE5BE5B1}.Debug|Win32.Build.0 = Debug|Win32
		{445229AF-7813-4F1D-9A9E-AFB1DE5BE5B1}.Release Dll Unicode|Win32.ActiveCfg = Release|Win32
		{445229AF-7813-4F1D-9A9E-AFB1DE5BE5B1}.Release|Win32.ActiveCfg = Release|Win32
		{445229AF-7813-4F1D-9A9E-AFB1DE5BE5B1}.Release|Win32.Build.0 = Release|Win32
	EndGlobalSection
	GlobalSection(SolutionProperties) = preSolution
		HideSolutionNode = FALSE
	EndGlobalSection
	GlobalSection(NestedProjects) = preSolution
		{1D199E03-FFE8-48A8-A4E5-FA40B450EE69} = {41D8DC60-3990-460A-8547-863BA2AC2DD5}
		{13D3964C-7F31-474D-8F73-760A4343DB29} = {41D8DC60-3990-460A-8547-863BA2AC2DD5}
		{1361A603-706F-4821-B686-50855FA6ACD7} = {42F85F0F-73BE-44D8-B58A-CB2FDEBF5F90}
		{ACD378D4-B43C-4124-8FF2-5D71DFB2F9CA} = {42F85F0F-73BE-44D8-B58A-CB2FDEBF5F90}
		{08E71CEC-AE12-446C-8151-C6E1D999D4C5} = {42F85F0F-73BE-44D8-B58A-CB2FDEBF5F90}
		{19E31308-67F6-4D3F-AFDC-636C4E695E33} = {42F85F0F-73BE-44D8-B58A-CB2FDEBF5F90}
		{5C851B30-EC38-4F9E-87BC-C2FB280B8857} = {42F85F0F-73BE-44D8-B58A-CB2FDEBF5F90}
		{2B8A5155-165C-4C37-915A-B70FCF5C3FB5} = {42F85F0F-73BE-44D8-B58A-CB2FDEBF5F90}
		{7A4979BF-0D47-453E-A7AA-694AC38AB718} = {42F85F0F-73BE-44D8-B58A-CB2FDEBF5F90}
		{FD1AF595-1249-44A6-BA00-10C0E953CB58} = {42F85F0F-73BE-44D8-B58A-CB2FDEBF5F90}
		{FCD2A049-B023-4D20-A517-3AA510DB8E33} = {42F85F0F-73BE-44D8-B58A-CB2FDEBF5F90}
		{3278690A-FA30-4D60-B1E7-FDAC2EDB79D9} = {42F85F0F-73BE-44D8-B58A-CB2FDEBF5F90}
		{16E1DCC7-752D-406D-8E5B-255A6198B513} = {42F85F0F-73BE-44D8-B58A-CB2FDEBF5F90}
		{02E232C6-638D-4B81-BE68-15968C85FE5B} = {42F85F0F-73BE-44D8-B58A-CB2FDEBF5F90}
		{3245EAD2-FE63-4D06-BF3E-49E7EFDA5760} = {4E08D7D3-A2AD-4F0B-8D2B-EB1E34E53CCA}
		{930C2214-BA52-4EEB-A76B-732021EBD809} = {4E08D7D3-A2AD-4F0B-8D2B-EB1E34E53CCA}
		{541250D7-69EE-4ACA-84C8-6DF37B616DF0} = {3E55F91A-7267-4561-ADFF-08B0F0F87CBB}
		{ACEC793B-100D-47C7-822D-F64DBD96B02E} = {3E55F91A-7267-4561-ADFF-08B0F0F87CBB}
	EndGlobalSection
	GlobalSection(ExtensibilityGlobals) = postSolution
		VisualSVNWorkingCopyRoot = .
	EndGlobalSection
EndGlobal
