
Microsoft Visual Studio Solution File, Format Version 11.00
# Visual Studio 2010
Project("{8BC9CEB8-8B4A-11D0-8D11-00A0C91BC942}") = "GeosOnTheOsg", "GeosOnTheOsg\GeosOnTheOsg.vcxproj", "{930C2214-BA52-4EEB-A76B-732021EBD809}"
EndProject
Project("{8BC9CEB8-8B4A-11D0-8D11-00A0C91BC942}") = "GraphicsControler", "GraphicsControler\GraphicsControler.vcxproj", "{541250D7-69EE-4ACA-84C8-6DF37B616DF0}"
EndProject
Project("{8BC9CEB8-8B4A-11D0-8D11-00A0C91BC942}") = "GISExtend", "GISExtend\GISExtend.vcxproj", "{3245EAD2-FE63-4D06-BF3E-49E7EFDA5760}"
EndProject
Project("{8BC9CEB8-8B4A-11D0-8D11-00A0C91BC942}") = "TMUI", "TMUI\TMUI.vcxproj", "{1D199E03-FFE8-48A8-A4E5-FA40B450EE69}"
EndProject
Project("{2150E333-8FDC-42A3-9474-1A3956D46DE8}") = "GIS", "GIS", "{4E08D7D3-A2AD-4F0B-8D2B-EB1E34E53CCA}"
EndProject
Project("{2150E333-8FDC-42A3-9474-1A3956D46DE8}") = "UI", "UI", "{41D8DC60-3990-460A-8547-863BA2AC2DD5}"
EndProject
Project("{2150E333-8FDC-42A3-9474-1A3956D46DE8}") = "APP", "APP", "{3E55F91A-7267-4561-ADFF-08B0F0F87CBB}"
EndProject
Project("{8BC9CEB8-8B4A-11D0-8D11-00A0C91BC942}") = "IDP_CONTROL", "IDP_CONTROL\IDP_CONTROL.vcxproj", "{ACEC793B-100D-47C7-822D-F64DBD96B02E}"
EndProject
Project("{8BC9CEB8-8B4A-11D0-8D11-00A0C91BC942}") = "IDP", "IDP\IDP.vcxproj", "{445229AF-7813-4F1D-9A9E-AFB1DE5BE5B1}"
	ProjectSection(ProjectDependencies) = postProject
		{3EFC4B40-2171-4D55-98E7-3CECB31F0516} = {3EFC4B40-2171-4D55-98E7-3CECB31F0516}
		{13D3964C-7F31-474D-8F73-760A4343DB29} = {13D3964C-7F31-474D-8F73-760A4343DB29}
	EndProjectSection
EndProject
Project("{2150E333-8FDC-42A3-9474-1A3956D46DE8}") = "Algorithm", "Algorithm", "{1051C494-CBF5-4270-87B1-4C2D3BD56F7A}"
EndProject
Project("{8BC9CEB8-8B4A-11D0-8D11-00A0C91BC942}") = "StationInterpolation", "StationInterpolation\StationInterpolation.vcxproj", "{3EFC4B40-2171-4D55-98E7-3CECB31F0516}"
EndProject
Project("{8BC9CEB8-8B4A-11D0-8D11-00A0C91BC942}") = "Arith_251_R", "Arith_251_R\Arith_251_R.vcxproj", "{2C61A861-F214-4ED3-A556-539BA07419E2}"
EndProject
Project("{8BC9CEB8-8B4A-11D0-8D11-00A0C91BC942}") = "AziSort", "AziSort\AziSort.vcxproj", "{819FA864-3D3F-4055-9967-43EBD65F4018}"
EndProject
Project("{8BC9CEB8-8B4A-11D0-8D11-00A0C91BC942}") = "QualityControl_CC", "QualityControl_CC\QualityControl_CC.vcxproj", "{F9147CE9-5566-4774-AA99-D2D23F07FC4A}"
EndProject
Project("{8BC9CEB8-8B4A-11D0-8D11-00A0C91BC942}") = "QualityControl_FirstOfRef", "QualityControl_FirstOfRef\QualityControl_FirstOfRef.vcxproj", "{49F69208-5AFD-4ED7-A29D-CCD12E005E6B}"
EndProject
Project("{8BC9CEB8-8B4A-11D0-8D11-00A0C91BC942}") = "QualityControl_SA", "QualityControl_SA\QualityControl_SA.vcxproj", "{96F8FB08-F4B6-49F3-9AD1-DC7FBF90A980}"
EndProject
Project("{8BC9CEB8-8B4A-11D0-8D11-00A0C91BC942}") = "QualityControl_VelocityDealiasing", "QualityControl_VelocityDealiasing\QualityControl_VelocityDealiasing.vcxproj", "{6F9DE826-6288-4155-87A6-ED4045E1D585}"
EndProject
Project("{8BC9CEB8-8B4A-11D0-8D11-00A0C91BC942}") = "CallRadarAlgorithms", "CallRadarAlgorithms\CallRadarAlgorithms.vcxproj", "{17262598-050B-48D1-A6D2-85E630DCCAEB}"
EndProject
Project("{8BC9CEB8-8B4A-11D0-8D11-00A0C91BC942}") = "CCToSt", "CCToSt\CCToSt.vcxproj", "{69293763-61AC-4F26-ABCF-1D757DDC4B76}"
EndProject
Project("{8BC9CEB8-8B4A-11D0-8D11-00A0C91BC942}") = "Arith_252_QR", "Arith_252_QR\Arith_252_QR.vcxproj", "{14233127-04A6-4FB8-81AE-2BB77FA9C69E}"
EndProject
Project("{8BC9CEB8-8B4A-11D0-8D11-00A0C91BC942}") = "Arith_254_V", "Arith_254_V\Arith_254_V.vcxproj", "{90D4AC1A-A1B8-400E-9B0F-1B9E3806A69A}"
EndProject
Project("{8BC9CEB8-8B4A-11D0-8D11-00A0C91BC942}") = "Arith_255_QV", "Arith_255_QV\Arith_255_QV.vcxproj", "{0B128FD9-E4E9-43D2-8405-53E86C6D31FC}"
EndProject
Project("{8BC9CEB8-8B4A-11D0-8D11-00A0C91BC942}") = "Arith_256_W", "Arith_256_W\Arith_256_W.vcxproj", "{03714C14-DDE4-4392-BF9A-29BC76F270FE}"
EndProject
Project("{8BC9CEB8-8B4A-11D0-8D11-00A0C91BC942}") = "Arith_257_QW", "Arith_257_QW\Arith_257_QW.vcxproj", "{58238485-EC53-406D-A5F1-2ADA59AC3A1E}"
EndProject
Project("{8BC9CEB8-8B4A-11D0-8D11-00A0C91BC942}") = "Arith_258_CAP", "Arith_258_CAP\Arith_258_CAP.vcxproj", "{AC5F1BB1-8C41-411D-9C5A-0B04AE92B1C6}"
EndProject
Project("{8BC9CEB8-8B4A-11D0-8D11-00A0C91BC942}") = "Arith_262_HBR_270_QPR", "Arith_262_HBR_270_QPR\Arith_262_HBR_270_QPR.vcxproj", "{EF8A9FC9-7A58-4247-8604-6542D4B90768}"
EndProject
Project("{8BC9CEB8-8B4A-11D0-8D11-00A0C91BC942}") = "Arith_263_CR", "Arith_263_CR\Arith_263_CR.vcxproj", "{48339898-AE09-4212-A0CE-15E9FA67AFB0}"
EndProject
Project("{8BC9CEB8-8B4A-11D0-8D11-00A0C91BC942}") = "Arith_264_CRH", "Arith_264_CRH\Arith_264_CRH.vcxproj", "{90E6C308-55E5-4D87-B14E-D3D5C46543ED}"
EndProject
Project("{8BC9CEB8-8B4A-11D0-8D11-00A0C91BC942}") = "Arith_265_ET", "Arith_265_ET\Arith_265_ET.vcxproj", "{F1BEB2A8-95ED-4BE5-AF05-AD6BBFDADFB1}"
EndProject
Project("{8BC9CEB8-8B4A-11D0-8D11-00A0C91BC942}") = "Arith_266_VIL", "Arith_266_VIL\Arith_266_VIL.vcxproj", "{7725A8C7-D7E5-41A4-91EC-750F7B6DA73A}"
EndProject
Project("{8BC9CEB8-8B4A-11D0-8D11-00A0C91BC942}") = "Arith_267_VILD", "Arith_267_VILD\Arith_267_VILD.vcxproj", "{3E0C2744-597A-4113-A00A-3AD867455EE5}"
EndProject
Project("{8BC9CEB8-8B4A-11D0-8D11-00A0C91BC942}") = "Arith_271_OHP", "Arith_271_OHP\Arith_271_OHP.vcxproj", "{706C86CC-0E9F-4156-AA3A-6CB9330E656E}"
EndProject
Project("{8BC9CEB8-8B4A-11D0-8D11-00A0C91BC942}") = "Arith_273_THP", "Arith_273_THP\Arith_273_THP.vcxproj", "{8E093527-6F1A-49ED-A25D-E8A4BCB6A4C9}"
EndProject
Project("{8BC9CEB8-8B4A-11D0-8D11-00A0C91BC942}") = "Arith_274_SHP", "Arith_274_SHP\Arith_274_SHP.vcxproj", "{EDFE5525-7958-40CA-8DA3-3813DD3DED0E}"
EndProject
Project("{8BC9CEB8-8B4A-11D0-8D11-00A0C91BC942}") = "Arith_277_SCI", "Arith_277_SCI\Arith_277_SCI.vcxproj", "{57887F75-5842-4D91-AB18-0228A7255F50}"
EndProject
Project("{8BC9CEB8-8B4A-11D0-8D11-00A0C91BC942}") = "Arith_285_EVP_269_VWP_268_VAD", "Arith_285_EVP_269_VWP_268_VAD\Arith_285_EVP_269_VWP_268_VAD.vcxproj", "{F550597D-8D10-4182-8956-397BC9521D3C}"
EndProject
Project("{8BC9CEB8-8B4A-11D0-8D11-00A0C91BC942}") = "Arith_291_HI", "Arith_291_HI\Arith_291_HI.vcxproj", "{9707B4E1-CE58-4EE3-99B6-B027DF665D23}"
EndProject
Project("{8BC9CEB8-8B4A-11D0-8D11-00A0C91BC942}") = "Arith_292_M", "Arith_292_M\Arith_292_M.vcxproj", "{A7EA14B6-10CD-4A63-B979-CF45A9657718}"
EndProject
Project("{8BC9CEB8-8B4A-11D0-8D11-00A0C91BC942}") = "CCToSt1", "CCToSt1\CCToSt1.vcxproj", "{681FB148-6F31-4210-860A-0117CA563DC8}"
EndProject
Project("{8BC9CEB8-8B4A-11D0-8D11-00A0C91BC942}") = "CCToSt2", "CCToSt2\CCToSt2.vcxproj", "{CC83B02C-9D62-499E-9084-73D603A66E29}"
EndProject
Project("{8BC9CEB8-8B4A-11D0-8D11-00A0C91BC942}") = "SAToSt", "SAToSt\SAToSt.vcxproj", "{6D0ED634-C88E-4BD4-912F-B12893EF532B}"
	ProjectSection(ProjectDependencies) = postProject
		{3EFC4B40-2171-4D55-98E7-3CECB31F0516} = {3EFC4B40-2171-4D55-98E7-3CECB31F0516}
	EndProjectSection
EndProject
Project("{8BC9CEB8-8B4A-11D0-8D11-00A0C91BC942}") = "IDPUI", "IDPUI\IDPUI.vcxproj", "{13D3964C-7F31-474D-8F73-760A4343DB29}"
EndProject
Project("{8BC9CEB8-8B4A-11D0-8D11-00A0C91BC942}") = "Arith_501_BREF", "Arith_501_BREF\Arith_501_BREF.vcxproj", "{1CEF4F78-EF66-4CFA-86AC-CDE8394F96B3}"
EndProject
Project("{8BC9CEB8-8B4A-11D0-8D11-00A0C91BC942}") = "GISExtend3D", "GISExtend3D\GISExtend3D.vcxproj", "{1BAEC0B9-CEF2-4453-A2CC-029BF43196A1}"
EndProject
Project("{8BC9CEB8-8B4A-11D0-8D11-00A0C91BC942}") = "FrameToolBoxes", "FrameToolBoxes\FrameToolBoxes.vcxproj", "{C25E999D-C460-4294-BB59-294C989B1A51}"
EndProject
Project("{8BC9CEB8-8B4A-11D0-8D11-00A0C91BC942}") = "FrameToolBoxesControler", "FrameToolBoxesControler\FrameToolBoxesControler.vcxproj", "{12F9B8B5-CE93-41B7-8CA2-01F56F3848A7}"
EndProject
Project("{2150E333-8FDC-42A3-9474-1A3956D46DE8}") = "Provider", "Provider", "{0BA77277-A038-4FE0-ACFF-257C46FC1B1F}"
EndProject
Project("{8BC9CEB8-8B4A-11D0-8D11-00A0C91BC942}") = "GradsProvider", "GradsProvider\GradsProvider.vcxproj", "{02E232C6-638D-4B81-BE68-15968C85FE5B}"
EndProject
Project("{8BC9CEB8-8B4A-11D0-8D11-00A0C91BC942}") = "FramePropertyBox", "FramePropertyBox\FramePropertyBox.vcxproj", "{35434094-7439-4144-B911-1F58C60C5D46}"
EndProject
Project("{8BC9CEB8-8B4A-11D0-8D11-00A0C91BC942}") = "MarkImage", "MarkImage\MarkImage.vcxproj", "{54B0CFF9-A8FD-4EFE-9958-CAF2807CAF90}"
EndProject
Project("{8BC9CEB8-8B4A-11D0-8D11-00A0C91BC942}") = "GISDBEngine", "GISDBEngine\GISDBEngine.vcxproj", "{3278690A-FA30-4D60-B1E7-FDAC2EDB79D9}"
EndProject
Project("{8BC9CEB8-8B4A-11D0-8D11-00A0C91BC942}") = "NetCDFDataProvider", "NetCDFDataProvider\NetCDFDataProvider.vcxproj", "{FD786019-C370-4EFD-8E53-44C35390E5E5}"
EndProject
Project("{8BC9CEB8-8B4A-11D0-8D11-00A0C91BC942}") = "TIFFProvider", "TIFFProvider\TIFFProvider.vcxproj", "{16E1DCC7-752D-406D-8E5B-255A6198B513}"
EndProject
Project("{8BC9CEB8-8B4A-11D0-8D11-00A0C91BC942}") = "XMLProvider", "XMLProvider\XMLProvider.vcxproj", "{1361A603-706F-4821-B686-50855FA6ACD7}"
EndProject
Project("{8BC9CEB8-8B4A-11D0-8D11-00A0C91BC942}") = "RadarStructDataProvider", "RadarStructDataProvider\RadarStructDataProvider.vcxproj", "{5C851B30-EC38-4F9E-87BC-C2FB280B8857}"
EndProject
Project("{8BC9CEB8-8B4A-11D0-8D11-00A0C91BC942}") = "RadarSingleDataProvider", "RadarSingleDataProvider\RadarSingleDataProvider.vcxproj", "{08E71CEC-AE12-446C-8151-C6E1D999D4C5}"
EndProject
Global
	GlobalSection(SolutionConfigurationPlatforms) = preSolution
		Debug|Win32 = Debug|Win32
		Release|Win32 = Release|Win32
	EndGlobalSection
	GlobalSection(ProjectConfigurationPlatforms) = postSolution
		{930C2214-BA52-4EEB-A76B-732021EBD809}.Debug|Win32.ActiveCfg = Debug|Win32
		{930C2214-BA52-4EEB-A76B-732021EBD809}.Debug|Win32.Build.0 = Debug|Win32
		{930C2214-BA52-4EEB-A76B-732021EBD809}.Release|Win32.ActiveCfg = Release|Win32
		{930C2214-BA52-4EEB-A76B-732021EBD809}.Release|Win32.Build.0 = Release|Win32
		{541250D7-69EE-4ACA-84C8-6DF37B616DF0}.Debug|Win32.ActiveCfg = Debug|Win32
		{541250D7-69EE-4ACA-84C8-6DF37B616DF0}.Debug|Win32.Build.0 = Debug|Win32
		{541250D7-69EE-4ACA-84C8-6DF37B616DF0}.Release|Win32.ActiveCfg = Release|Win32
		{541250D7-69EE-4ACA-84C8-6DF37B616DF0}.Release|Win32.Build.0 = Release|Win32
		{3245EAD2-FE63-4D06-BF3E-49E7EFDA5760}.Debug|Win32.ActiveCfg = Debug|Win32
		{3245EAD2-FE63-4D06-BF3E-49E7EFDA5760}.Debug|Win32.Build.0 = Debug|Win32
		{3245EAD2-FE63-4D06-BF3E-49E7EFDA5760}.Release|Win32.ActiveCfg = Release|Win32
		{3245EAD2-FE63-4D06-BF3E-49E7EFDA5760}.Release|Win32.Build.0 = Release|Win32
		{1D199E03-FFE8-48A8-A4E5-FA40B450EE69}.Debug|Win32.ActiveCfg = Debug|Win32
		{1D199E03-FFE8-48A8-A4E5-FA40B450EE69}.Debug|Win32.Build.0 = Debug|Win32
		{1D199E03-FFE8-48A8-A4E5-FA40B450EE69}.Release|Win32.ActiveCfg = Release|Win32
		{1D199E03-FFE8-48A8-A4E5-FA40B450EE69}.Release|Win32.Build.0 = Release|Win32
		{ACEC793B-100D-47C7-822D-F64DBD96B02E}.Debug|Win32.ActiveCfg = Debug|Win32
		{ACEC793B-100D-47C7-822D-F64DBD96B02E}.Debug|Win32.Build.0 = Debug|Win32
		{ACEC793B-100D-47C7-822D-F64DBD96B02E}.Release|Win32.ActiveCfg = Release|Win32
		{ACEC793B-100D-47C7-822D-F64DBD96B02E}.Release|Win32.Build.0 = Release|Win32
		{445229AF-7813-4F1D-9A9E-AFB1DE5BE5B1}.Debug|Win32.ActiveCfg = Debug|Win32
		{445229AF-7813-4F1D-9A9E-AFB1DE5BE5B1}.Debug|Win32.Build.0 = Debug|Win32
		{445229AF-7813-4F1D-9A9E-AFB1DE5BE5B1}.Release|Win32.ActiveCfg = Release|Win32
		{445229AF-7813-4F1D-9A9E-AFB1DE5BE5B1}.Release|Win32.Build.0 = Release|Win32
		{3EFC4B40-2171-4D55-98E7-3CECB31F0516}.Debug|Win32.ActiveCfg = Debug|Win32
		{3EFC4B40-2171-4D55-98E7-3CECB31F0516}.Debug|Win32.Build.0 = Debug|Win32
		{3EFC4B40-2171-4D55-98E7-3CECB31F0516}.Release|Win32.ActiveCfg = Release|Win32
		{3EFC4B40-2171-4D55-98E7-3CECB31F0516}.Release|Win32.Build.0 = Release|Win32
		{2C61A861-F214-4ED3-A556-539BA07419E2}.Debug|Win32.ActiveCfg = Debug|Win32
		{2C61A861-F214-4ED3-A556-539BA07419E2}.Debug|Win32.Build.0 = Debug|Win32
		{2C61A861-F214-4ED3-A556-539BA07419E2}.Release|Win32.ActiveCfg = Release|Win32
		{2C61A861-F214-4ED3-A556-539BA07419E2}.Release|Win32.Build.0 = Release|Win32
		{819FA864-3D3F-4055-9967-43EBD65F4018}.Debug|Win32.ActiveCfg = Debug|Win32
		{819FA864-3D3F-4055-9967-43EBD65F4018}.Debug|Win32.Build.0 = Debug|Win32
		{819FA864-3D3F-4055-9967-43EBD65F4018}.Release|Win32.ActiveCfg = Release|Win32
		{819FA864-3D3F-4055-9967-43EBD65F4018}.Release|Win32.Build.0 = Release|Win32
		{F9147CE9-5566-4774-AA99-D2D23F07FC4A}.Debug|Win32.ActiveCfg = Debug|Win32
		{F9147CE9-5566-4774-AA99-D2D23F07FC4A}.Debug|Win32.Build.0 = Debug|Win32
		{F9147CE9-5566-4774-AA99-D2D23F07FC4A}.Release|Win32.ActiveCfg = Release|Win32
		{F9147CE9-5566-4774-AA99-D2D23F07FC4A}.Release|Win32.Build.0 = Release|Win32
		{49F69208-5AFD-4ED7-A29D-CCD12E005E6B}.Debug|Win32.ActiveCfg = Debug|Win32
		{49F69208-5AFD-4ED7-A29D-CCD12E005E6B}.Debug|Win32.Build.0 = Debug|Win32
		{49F69208-5AFD-4ED7-A29D-CCD12E005E6B}.Release|Win32.ActiveCfg = Release|Win32
		{49F69208-5AFD-4ED7-A29D-CCD12E005E6B}.Release|Win32.Build.0 = Release|Win32
		{96F8FB08-F4B6-49F3-9AD1-DC7FBF90A980}.Debug|Win32.ActiveCfg = Debug|Win32
		{96F8FB08-F4B6-49F3-9AD1-DC7FBF90A980}.Debug|Win32.Build.0 = Debug|Win32
		{96F8FB08-F4B6-49F3-9AD1-DC7FBF90A980}.Release|Win32.ActiveCfg = Release|Win32
		{96F8FB08-F4B6-49F3-9AD1-DC7FBF90A980}.Release|Win32.Build.0 = Release|Win32
		{6F9DE826-6288-4155-87A6-ED4045E1D585}.Debug|Win32.ActiveCfg = Debug|Win32
		{6F9DE826-6288-4155-87A6-ED4045E1D585}.Debug|Win32.Build.0 = Debug|Win32
		{6F9DE826-6288-4155-87A6-ED4045E1D585}.Release|Win32.ActiveCfg = Release|Win32
		{6F9DE826-6288-4155-87A6-ED4045E1D585}.Release|Win32.Build.0 = Release|Win32
		{17262598-050B-48D1-A6D2-85E630DCCAEB}.Debug|Win32.ActiveCfg = Debug|Win32
		{17262598-050B-48D1-A6D2-85E630DCCAEB}.Debug|Win32.Build.0 = Debug|Win32
		{17262598-050B-48D1-A6D2-85E630DCCAEB}.Release|Win32.ActiveCfg = Release|Win32
		{17262598-050B-48D1-A6D2-85E630DCCAEB}.Release|Win32.Build.0 = Release|Win32
		{69293763-61AC-4F26-ABCF-1D757DDC4B76}.Debug|Win32.ActiveCfg = Debug|Win32
		{69293763-61AC-4F26-ABCF-1D757DDC4B76}.Debug|Win32.Build.0 = Debug|Win32
		{69293763-61AC-4F26-ABCF-1D757DDC4B76}.Release|Win32.ActiveCfg = Release|Win32
		{69293763-61AC-4F26-ABCF-1D757DDC4B76}.Release|Win32.Build.0 = Release|Win32
		{14233127-04A6-4FB8-81AE-2BB77FA9C69E}.Debug|Win32.ActiveCfg = Debug|Win32
		{14233127-04A6-4FB8-81AE-2BB77FA9C69E}.Debug|Win32.Build.0 = Debug|Win32
		{14233127-04A6-4FB8-81AE-2BB77FA9C69E}.Release|Win32.ActiveCfg = Release|Win32
		{14233127-04A6-4FB8-81AE-2BB77FA9C69E}.Release|Win32.Build.0 = Release|Win32
		{90D4AC1A-A1B8-400E-9B0F-1B9E3806A69A}.Debug|Win32.ActiveCfg = Debug|Win32
		{90D4AC1A-A1B8-400E-9B0F-1B9E3806A69A}.Debug|Win32.Build.0 = Debug|Win32
		{90D4AC1A-A1B8-400E-9B0F-1B9E3806A69A}.Release|Win32.ActiveCfg = Release|Win32
		{90D4AC1A-A1B8-400E-9B0F-1B9E3806A69A}.Release|Win32.Build.0 = Release|Win32
		{0B128FD9-E4E9-43D2-8405-53E86C6D31FC}.Debug|Win32.ActiveCfg = Debug|Win32
		{0B128FD9-E4E9-43D2-8405-53E86C6D31FC}.Debug|Win32.Build.0 = Debug|Win32
		{0B128FD9-E4E9-43D2-8405-53E86C6D31FC}.Release|Win32.ActiveCfg = Release|Win32
		{0B128FD9-E4E9-43D2-8405-53E86C6D31FC}.Release|Win32.Build.0 = Release|Win32
		{03714C14-DDE4-4392-BF9A-29BC76F270FE}.Debug|Win32.ActiveCfg = Debug|Win32
		{03714C14-DDE4-4392-BF9A-29BC76F270FE}.Debug|Win32.Build.0 = Debug|Win32
		{03714C14-DDE4-4392-BF9A-29BC76F270FE}.Release|Win32.ActiveCfg = Release|Win32
		{03714C14-DDE4-4392-BF9A-29BC76F270FE}.Release|Win32.Build.0 = Release|Win32
		{58238485-EC53-406D-A5F1-2ADA59AC3A1E}.Debug|Win32.ActiveCfg = Debug|Win32
		{58238485-EC53-406D-A5F1-2ADA59AC3A1E}.Debug|Win32.Build.0 = Debug|Win32
		{58238485-EC53-406D-A5F1-2ADA59AC3A1E}.Release|Win32.ActiveCfg = Release|Win32
		{58238485-EC53-406D-A5F1-2ADA59AC3A1E}.Release|Win32.Build.0 = Release|Win32
		{AC5F1BB1-8C41-411D-9C5A-0B04AE92B1C6}.Debug|Win32.ActiveCfg = Debug|Win32
		{AC5F1BB1-8C41-411D-9C5A-0B04AE92B1C6}.Debug|Win32.Build.0 = Debug|Win32
		{AC5F1BB1-8C41-411D-9C5A-0B04AE92B1C6}.Release|Win32.ActiveCfg = Release|Win32
		{AC5F1BB1-8C41-411D-9C5A-0B04AE92B1C6}.Release|Win32.Build.0 = Release|Win32
		{EF8A9FC9-7A58-4247-8604-6542D4B90768}.Debug|Win32.ActiveCfg = Debug|Win32
		{EF8A9FC9-7A58-4247-8604-6542D4B90768}.Debug|Win32.Build.0 = Debug|Win32
		{EF8A9FC9-7A58-4247-8604-6542D4B90768}.Release|Win32.ActiveCfg = Release|Win32
		{EF8A9FC9-7A58-4247-8604-6542D4B90768}.Release|Win32.Build.0 = Release|Win32
		{48339898-AE09-4212-A0CE-15E9FA67AFB0}.Debug|Win32.ActiveCfg = Debug|Win32
		{48339898-AE09-4212-A0CE-15E9FA67AFB0}.Debug|Win32.Build.0 = Debug|Win32
		{48339898-AE09-4212-A0CE-15E9FA67AFB0}.Release|Win32.ActiveCfg = Release|Win32
		{48339898-AE09-4212-A0CE-15E9FA67AFB0}.Release|Win32.Build.0 = Release|Win32
		{90E6C308-55E5-4D87-B14E-D3D5C46543ED}.Debug|Win32.ActiveCfg = Debug|Win32
		{90E6C308-55E5-4D87-B14E-D3D5C46543ED}.Debug|Win32.Build.0 = Debug|Win32
		{90E6C308-55E5-4D87-B14E-D3D5C46543ED}.Release|Win32.ActiveCfg = Release|Win32
		{90E6C308-55E5-4D87-B14E-D3D5C46543ED}.Release|Win32.Build.0 = Release|Win32
		{F1BEB2A8-95ED-4BE5-AF05-AD6BBFDADFB1}.Debug|Win32.ActiveCfg = Debug|Win32
		{F1BEB2A8-95ED-4BE5-AF05-AD6BBFDADFB1}.Debug|Win32.Build.0 = Debug|Win32
		{F1BEB2A8-95ED-4BE5-AF05-AD6BBFDADFB1}.Release|Win32.ActiveCfg = Release|Win32
		{F1BEB2A8-95ED-4BE5-AF05-AD6BBFDADFB1}.Release|Win32.Build.0 = Release|Win32
		{7725A8C7-D7E5-41A4-91EC-750F7B6DA73A}.Debug|Win32.ActiveCfg = Debug|Win32
		{7725A8C7-D7E5-41A4-91EC-750F7B6DA73A}.Debug|Win32.Build.0 = Debug|Win32
		{7725A8C7-D7E5-41A4-91EC-750F7B6DA73A}.Release|Win32.ActiveCfg = Release|Win32
		{7725A8C7-D7E5-41A4-91EC-750F7B6DA73A}.Release|Win32.Build.0 = Release|Win32
		{3E0C2744-597A-4113-A00A-3AD867455EE5}.Debug|Win32.ActiveCfg = Debug|Win32
		{3E0C2744-597A-4113-A00A-3AD867455EE5}.Debug|Win32.Build.0 = Debug|Win32
		{3E0C2744-597A-4113-A00A-3AD867455EE5}.Release|Win32.ActiveCfg = Release|Win32
		{3E0C2744-597A-4113-A00A-3AD867455EE5}.Release|Win32.Build.0 = Release|Win32
		{706C86CC-0E9F-4156-AA3A-6CB9330E656E}.Debug|Win32.ActiveCfg = Debug|Win32
		{706C86CC-0E9F-4156-AA3A-6CB9330E656E}.Debug|Win32.Build.0 = Debug|Win32
		{706C86CC-0E9F-4156-AA3A-6CB9330E656E}.Release|Win32.ActiveCfg = Release|Win32
		{706C86CC-0E9F-4156-AA3A-6CB9330E656E}.Release|Win32.Build.0 = Release|Win32
		{8E093527-6F1A-49ED-A25D-E8A4BCB6A4C9}.Debug|Win32.ActiveCfg = Debug|Win32
		{8E093527-6F1A-49ED-A25D-E8A4BCB6A4C9}.Debug|Win32.Build.0 = Debug|Win32
		{8E093527-6F1A-49ED-A25D-E8A4BCB6A4C9}.Release|Win32.ActiveCfg = Release|Win32
		{8E093527-6F1A-49ED-A25D-E8A4BCB6A4C9}.Release|Win32.Build.0 = Release|Win32
		{EDFE5525-7958-40CA-8DA3-3813DD3DED0E}.Debug|Win32.ActiveCfg = Debug|Win32
		{EDFE5525-7958-40CA-8DA3-3813DD3DED0E}.Debug|Win32.Build.0 = Debug|Win32
		{EDFE5525-7958-40CA-8DA3-3813DD3DED0E}.Release|Win32.ActiveCfg = Release|Win32
		{EDFE5525-7958-40CA-8DA3-3813DD3DED0E}.Release|Win32.Build.0 = Release|Win32
		{57887F75-5842-4D91-AB18-0228A7255F50}.Debug|Win32.ActiveCfg = Debug|Win32
		{57887F75-5842-4D91-AB18-0228A7255F50}.Debug|Win32.Build.0 = Debug|Win32
		{57887F75-5842-4D91-AB18-0228A7255F50}.Release|Win32.ActiveCfg = Release|Win32
		{57887F75-5842-4D91-AB18-0228A7255F50}.Release|Win32.Build.0 = Release|Win32
		{F550597D-8D10-4182-8956-397BC9521D3C}.Debug|Win32.ActiveCfg = Debug|Win32
		{F550597D-8D10-4182-8956-397BC9521D3C}.Debug|Win32.Build.0 = Debug|Win32
		{F550597D-8D10-4182-8956-397BC9521D3C}.Release|Win32.ActiveCfg = Release|Win32
		{F550597D-8D10-4182-8956-397BC9521D3C}.Release|Win32.Build.0 = Release|Win32
		{9707B4E1-CE58-4EE3-99B6-B027DF665D23}.Debug|Win32.ActiveCfg = Debug|Win32
		{9707B4E1-CE58-4EE3-99B6-B027DF665D23}.Debug|Win32.Build.0 = Debug|Win32
		{9707B4E1-CE58-4EE3-99B6-B027DF665D23}.Release|Win32.ActiveCfg = Release|Win32
		{9707B4E1-CE58-4EE3-99B6-B027DF665D23}.Release|Win32.Build.0 = Release|Win32
		{A7EA14B6-10CD-4A63-B979-CF45A9657718}.Debug|Win32.ActiveCfg = Debug|Win32
		{A7EA14B6-10CD-4A63-B979-CF45A9657718}.Debug|Win32.Build.0 = Debug|Win32
		{A7EA14B6-10CD-4A63-B979-CF45A9657718}.Release|Win32.ActiveCfg = Release|Win32
		{A7EA14B6-10CD-4A63-B979-CF45A9657718}.Release|Win32.Build.0 = Release|Win32
		{681FB148-6F31-4210-860A-0117CA563DC8}.Debug|Win32.ActiveCfg = Debug|Win32
		{681FB148-6F31-4210-860A-0117CA563DC8}.Debug|Win32.Build.0 = Debug|Win32
		{681FB148-6F31-4210-860A-0117CA563DC8}.Release|Win32.ActiveCfg = Release|Win32
		{681FB148-6F31-4210-860A-0117CA563DC8}.Release|Win32.Build.0 = Release|Win32
		{CC83B02C-9D62-499E-9084-73D603A66E29}.Debug|Win32.ActiveCfg = Debug|Win32
		{CC83B02C-9D62-499E-9084-73D603A66E29}.Debug|Win32.Build.0 = Debug|Win32
		{CC83B02C-9D62-499E-9084-73D603A66E29}.Release|Win32.ActiveCfg = Release|Win32
		{CC83B02C-9D62-499E-9084-73D603A66E29}.Release|Win32.Build.0 = Release|Win32
		{6D0ED634-C88E-4BD4-912F-B12893EF532B}.Debug|Win32.ActiveCfg = Debug|Win32
		{6D0ED634-C88E-4BD4-912F-B12893EF532B}.Debug|Win32.Build.0 = Debug|Win32
		{6D0ED634-C88E-4BD4-912F-B12893EF532B}.Release|Win32.ActiveCfg = Release|Win32
		{6D0ED634-C88E-4BD4-912F-B12893EF532B}.Release|Win32.Build.0 = Release|Win32
		{13D3964C-7F31-474D-8F73-760A4343DB29}.Debug|Win32.ActiveCfg = Debug|Win32
		{13D3964C-7F31-474D-8F73-760A4343DB29}.Debug|Win32.Build.0 = Debug|Win32
		{13D3964C-7F31-474D-8F73-760A4343DB29}.Release|Win32.ActiveCfg = Release|Win32
		{13D3964C-7F31-474D-8F73-760A4343DB29}.Release|Win32.Build.0 = Release|Win32
		{1CEF4F78-EF66-4CFA-86AC-CDE8394F96B3}.Debug|Win32.ActiveCfg = Debug|Win32
		{1CEF4F78-EF66-4CFA-86AC-CDE8394F96B3}.Debug|Win32.Build.0 = Debug|Win32
		{1CEF4F78-EF66-4CFA-86AC-CDE8394F96B3}.Release|Win32.ActiveCfg = Release|Win32
		{1CEF4F78-EF66-4CFA-86AC-CDE8394F96B3}.Release|Win32.Build.0 = Release|Win32
		{1BAEC0B9-CEF2-4453-A2CC-029BF43196A1}.Debug|Win32.ActiveCfg = Debug|Win32
		{1BAEC0B9-CEF2-4453-A2CC-029BF43196A1}.Debug|Win32.Build.0 = Debug|Win32
		{1BAEC0B9-CEF2-4453-A2CC-029BF43196A1}.Release|Win32.ActiveCfg = Release|Win32
		{1BAEC0B9-CEF2-4453-A2CC-029BF43196A1}.Release|Win32.Build.0 = Release|Win32
		{C25E999D-C460-4294-BB59-294C989B1A51}.Debug|Win32.ActiveCfg = Debug|Win32
		{C25E999D-C460-4294-BB59-294C989B1A51}.Debug|Win32.Build.0 = Debug|Win32
		{C25E999D-C460-4294-BB59-294C989B1A51}.Release|Win32.ActiveCfg = Release|Win32
		{C25E999D-C460-4294-BB59-294C989B1A51}.Release|Win32.Build.0 = Release|Win32
		{12F9B8B5-CE93-41B7-8CA2-01F56F3848A7}.Debug|Win32.ActiveCfg = Debug|Win32
		{12F9B8B5-CE93-41B7-8CA2-01F56F3848A7}.Debug|Win32.Build.0 = Debug|Win32
		{12F9B8B5-CE93-41B7-8CA2-01F56F3848A7}.Release|Win32.ActiveCfg = Release|Win32
		{12F9B8B5-CE93-41B7-8CA2-01F56F3848A7}.Release|Win32.Build.0 = Release|Win32
		{02E232C6-638D-4B81-BE68-15968C85FE5B}.Debug|Win32.ActiveCfg = Debug|Win32
		{02E232C6-638D-4B81-BE68-15968C85FE5B}.Debug|Win32.Build.0 = Debug|Win32
		{02E232C6-638D-4B81-BE68-15968C85FE5B}.Release|Win32.ActiveCfg = Release|Win32
		{02E232C6-638D-4B81-BE68-15968C85FE5B}.Release|Win32.Build.0 = Release|Win32
		{35434094-7439-4144-B911-1F58C60C5D46}.Debug|Win32.ActiveCfg = Debug|Win32
		{35434094-7439-4144-B911-1F58C60C5D46}.Debug|Win32.Build.0 = Debug|Win32
		{35434094-7439-4144-B911-1F58C60C5D46}.Release|Win32.ActiveCfg = Release|Win32
		{35434094-7439-4144-B911-1F58C60C5D46}.Release|Win32.Build.0 = Release|Win32
		{54B0CFF9-A8FD-4EFE-9958-CAF2807CAF90}.Debug|Win32.ActiveCfg = Debug|Win32
		{54B0CFF9-A8FD-4EFE-9958-CAF2807CAF90}.Debug|Win32.Build.0 = Debug|Win32
		{54B0CFF9-A8FD-4EFE-9958-CAF2807CAF90}.Release|Win32.ActiveCfg = Release|Win32
		{54B0CFF9-A8FD-4EFE-9958-CAF2807CAF90}.Release|Win32.Build.0 = Release|Win32
		{3278690A-FA30-4D60-B1E7-FDAC2EDB79D9}.Debug|Win32.ActiveCfg = Debug|Win32
		{3278690A-FA30-4D60-B1E7-FDAC2EDB79D9}.Debug|Win32.Build.0 = Debug|Win32
		{3278690A-FA30-4D60-B1E7-FDAC2EDB79D9}.Release|Win32.ActiveCfg = Release|Win32
		{3278690A-FA30-4D60-B1E7-FDAC2EDB79D9}.Release|Win32.Build.0 = Release|Win32
		{FD786019-C370-4EFD-8E53-44C35390E5E5}.Debug|Win32.ActiveCfg = Debug|Win32
		{FD786019-C370-4EFD-8E53-44C35390E5E5}.Debug|Win32.Build.0 = Debug|Win32
		{FD786019-C370-4EFD-8E53-44C35390E5E5}.Release|Win32.ActiveCfg = Release|Win32
		{FD786019-C370-4EFD-8E53-44C35390E5E5}.Release|Win32.Build.0 = Release|Win32
		{16E1DCC7-752D-406D-8E5B-255A6198B513}.Debug|Win32.ActiveCfg = Debug|Win32
		{16E1DCC7-752D-406D-8E5B-255A6198B513}.Debug|Win32.Build.0 = Debug|Win32
		{16E1DCC7-752D-406D-8E5B-255A6198B513}.Release|Win32.ActiveCfg = Release|Win32
		{16E1DCC7-752D-406D-8E5B-255A6198B513}.Release|Win32.Build.0 = Release|Win32
		{1361A603-706F-4821-B686-50855FA6ACD7}.Debug|Win32.ActiveCfg = Debug|Win32
		{1361A603-706F-4821-B686-50855FA6ACD7}.Debug|Win32.Build.0 = Debug|Win32
		{1361A603-706F-4821-B686-50855FA6ACD7}.Release|Win32.ActiveCfg = Release|Win32
		{1361A603-706F-4821-B686-50855FA6ACD7}.Release|Win32.Build.0 = Release|Win32
		{5C851B30-EC38-4F9E-87BC-C2FB280B8857}.Debug|Win32.ActiveCfg = Debug|Win32
		{5C851B30-EC38-4F9E-87BC-C2FB280B8857}.Debug|Win32.Build.0 = Debug|Win32
		{5C851B30-EC38-4F9E-87BC-C2FB280B8857}.Release|Win32.ActiveCfg = Release|Win32
		{5C851B30-EC38-4F9E-87BC-C2FB280B8857}.Release|Win32.Build.0 = Release|Win32
		{08E71CEC-AE12-446C-8151-C6E1D999D4C5}.Debug|Win32.ActiveCfg = Debug|Win32
		{08E71CEC-AE12-446C-8151-C6E1D999D4C5}.Debug|Win32.Build.0 = Debug|Win32
		{08E71CEC-AE12-446C-8151-C6E1D999D4C5}.Release|Win32.ActiveCfg = Release|Win32
		{08E71CEC-AE12-446C-8151-C6E1D999D4C5}.Release|Win32.Build.0 = Release|Win32
	EndGlobalSection
	GlobalSection(SolutionProperties) = preSolution
		HideSolutionNode = FALSE
	EndGlobalSection
	GlobalSection(NestedProjects) = preSolution
		{3245EAD2-FE63-4D06-BF3E-49E7EFDA5760} = {4E08D7D3-A2AD-4F0B-8D2B-EB1E34E53CCA}
		{930C2214-BA52-4EEB-A76B-732021EBD809} = {4E08D7D3-A2AD-4F0B-8D2B-EB1E34E53CCA}
		{1BAEC0B9-CEF2-4453-A2CC-029BF43196A1} = {4E08D7D3-A2AD-4F0B-8D2B-EB1E34E53CCA}
		{1D199E03-FFE8-48A8-A4E5-FA40B450EE69} = {41D8DC60-3990-460A-8547-863BA2AC2DD5}
		{13D3964C-7F31-474D-8F73-760A4343DB29} = {41D8DC60-3990-460A-8547-863BA2AC2DD5}
		{C25E999D-C460-4294-BB59-294C989B1A51} = {41D8DC60-3990-460A-8547-863BA2AC2DD5}
		{35434094-7439-4144-B911-1F58C60C5D46} = {41D8DC60-3990-460A-8547-863BA2AC2DD5}
		{ACEC793B-100D-47C7-822D-F64DBD96B02E} = {3E55F91A-7267-4561-ADFF-08B0F0F87CBB}
		{12F9B8B5-CE93-41B7-8CA2-01F56F3848A7} = {3E55F91A-7267-4561-ADFF-08B0F0F87CBB}
		{3EFC4B40-2171-4D55-98E7-3CECB31F0516} = {1051C494-CBF5-4270-87B1-4C2D3BD56F7A}
		{2C61A861-F214-4ED3-A556-539BA07419E2} = {1051C494-CBF5-4270-87B1-4C2D3BD56F7A}
		{819FA864-3D3F-4055-9967-43EBD65F4018} = {1051C494-CBF5-4270-87B1-4C2D3BD56F7A}
		{F9147CE9-5566-4774-AA99-D2D23F07FC4A} = {1051C494-CBF5-4270-87B1-4C2D3BD56F7A}
		{49F69208-5AFD-4ED7-A29D-CCD12E005E6B} = {1051C494-CBF5-4270-87B1-4C2D3BD56F7A}
		{96F8FB08-F4B6-49F3-9AD1-DC7FBF90A980} = {1051C494-CBF5-4270-87B1-4C2D3BD56F7A}
		{6F9DE826-6288-4155-87A6-ED4045E1D585} = {1051C494-CBF5-4270-87B1-4C2D3BD56F7A}
		{17262598-050B-48D1-A6D2-85E630DCCAEB} = {1051C494-CBF5-4270-87B1-4C2D3BD56F7A}
		{69293763-61AC-4F26-ABCF-1D757DDC4B76} = {1051C494-CBF5-4270-87B1-4C2D3BD56F7A}
		{14233127-04A6-4FB8-81AE-2BB77FA9C69E} = {1051C494-CBF5-4270-87B1-4C2D3BD56F7A}
		{90D4AC1A-A1B8-400E-9B0F-1B9E3806A69A} = {1051C494-CBF5-4270-87B1-4C2D3BD56F7A}
		{0B128FD9-E4E9-43D2-8405-53E86C6D31FC} = {1051C494-CBF5-4270-87B1-4C2D3BD56F7A}
		{03714C14-DDE4-4392-BF9A-29BC76F270FE} = {1051C494-CBF5-4270-87B1-4C2D3BD56F7A}
		{58238485-EC53-406D-A5F1-2ADA59AC3A1E} = {1051C494-CBF5-4270-87B1-4C2D3BD56F7A}
		{AC5F1BB1-8C41-411D-9C5A-0B04AE92B1C6} = {1051C494-CBF5-4270-87B1-4C2D3BD56F7A}
		{EF8A9FC9-7A58-4247-8604-6542D4B90768} = {1051C494-CBF5-4270-87B1-4C2D3BD56F7A}
		{48339898-AE09-4212-A0CE-15E9FA67AFB0} = {1051C494-CBF5-4270-87B1-4C2D3BD56F7A}
		{90E6C308-55E5-4D87-B14E-D3D5C46543ED} = {1051C494-CBF5-4270-87B1-4C2D3BD56F7A}
		{F1BEB2A8-95ED-4BE5-AF05-AD6BBFDADFB1} = {1051C494-CBF5-4270-87B1-4C2D3BD56F7A}
		{7725A8C7-D7E5-41A4-91EC-750F7B6DA73A} = {1051C494-CBF5-4270-87B1-4C2D3BD56F7A}
		{3E0C2744-597A-4113-A00A-3AD867455EE5} = {1051C494-CBF5-4270-87B1-4C2D3BD56F7A}
		{706C86CC-0E9F-4156-AA3A-6CB9330E656E} = {1051C494-CBF5-4270-87B1-4C2D3BD56F7A}
		{8E093527-6F1A-49ED-A25D-E8A4BCB6A4C9} = {1051C494-CBF5-4270-87B1-4C2D3BD56F7A}
		{EDFE5525-7958-40CA-8DA3-3813DD3DED0E} = {1051C494-CBF5-4270-87B1-4C2D3BD56F7A}
		{57887F75-5842-4D91-AB18-0228A7255F50} = {1051C494-CBF5-4270-87B1-4C2D3BD56F7A}
		{F550597D-8D10-4182-8956-397BC9521D3C} = {1051C494-CBF5-4270-87B1-4C2D3BD56F7A}
		{9707B4E1-CE58-4EE3-99B6-B027DF665D23} = {1051C494-CBF5-4270-87B1-4C2D3BD56F7A}
		{A7EA14B6-10CD-4A63-B979-CF45A9657718} = {1051C494-CBF5-4270-87B1-4C2D3BD56F7A}
		{681FB148-6F31-4210-860A-0117CA563DC8} = {1051C494-CBF5-4270-87B1-4C2D3BD56F7A}
		{CC83B02C-9D62-499E-9084-73D603A66E29} = {1051C494-CBF5-4270-87B1-4C2D3BD56F7A}
		{6D0ED634-C88E-4BD4-912F-B12893EF532B} = {1051C494-CBF5-4270-87B1-4C2D3BD56F7A}
		{1CEF4F78-EF66-4CFA-86AC-CDE8394F96B3} = {1051C494-CBF5-4270-87B1-4C2D3BD56F7A}
		{02E232C6-638D-4B81-BE68-15968C85FE5B} = {0BA77277-A038-4FE0-ACFF-257C46FC1B1F}
		{3278690A-FA30-4D60-B1E7-FDAC2EDB79D9} = {0BA77277-A038-4FE0-ACFF-257C46FC1B1F}
		{FD786019-C370-4EFD-8E53-44C35390E5E5} = {0BA77277-A038-4FE0-ACFF-257C46FC1B1F}
		{16E1DCC7-752D-406D-8E5B-255A6198B513} = {0BA77277-A038-4FE0-ACFF-257C46FC1B1F}
		{1361A603-706F-4821-B686-50855FA6ACD7} = {0BA77277-A038-4FE0-ACFF-257C46FC1B1F}
		{5C851B30-EC38-4F9E-87BC-C2FB280B8857} = {0BA77277-A038-4FE0-ACFF-257C46FC1B1F}
		{08E71CEC-AE12-446C-8151-C6E1D999D4C5} = {0BA77277-A038-4FE0-ACFF-257C46FC1B1F}
	EndGlobalSection
	GlobalSection(ExtensibilityGlobals) = postSolution
		VisualSVNWorkingCopyRoot = .
	EndGlobalSection
EndGlobal
