<?xml version="1.0" encoding="utf-8"?>
<Project ToolsVersion="4.0" xmlns="http://schemas.microsoft.com/developer/msbuild/2003">
  <ItemGroup>
    <Filter Include="Source Files">
      <UniqueIdentifier>{4FC737F1-C7A5-4376-A066-2A32D752A2FF}</UniqueIdentifier>
      <Extensions>cpp;cxx;c;def</Extensions>
    </Filter>
    <Filter Include="Header Files">
      <UniqueIdentifier>{93995380-89BD-4b04-88EB-625FBE52EBFB}</UniqueIdentifier>
      <Extensions>h</Extensions>
    </Filter>
    <Filter Include="Form Files">
      <UniqueIdentifier>{99349809-55BA-4b9d-BF79-8FDBB0286EB3}</UniqueIdentifier>
      <Extensions>ui</Extensions>
    </Filter>
    <Filter Include="Resource Files">
      <UniqueIdentifier>{D9D6E242-F8AF-46E4-B9FD-80ECBC20BA3E}</UniqueIdentifier>
      <Extensions>qrc;*</Extensions>
      <ParseFiles>false</ParseFiles>
    </Filter>
    <Filter Include="Generated Files">
      <UniqueIdentifier>{71ED8ED8-ACB9-4CE9-BBE1-E00B30144E11}</UniqueIdentifier>
      <Extensions>moc;h;cpp</Extensions>
      <SourceControlFiles>False</SourceControlFiles>
    </Filter>
  </ItemGroup>
  <ItemGroup>
    <ClInclude Include="cdataelement_global.h">
      <Filter>Header Files</Filter>
    </ClInclude>
    <ClInclude Include="CElement.h">
      <Filter>Header Files</Filter>
    </ClInclude>
    <ClInclude Include="CElementInfo.h">
      <Filter>Header Files</Filter>
    </ClInclude>
    <ClInclude Include="Station.h">
      <Filter>Header Files</Filter>
    </ClInclude>
    <ClInclude Include="MeteElement.h">
      <Filter>Header Files</Filter>
    </ClInclude>
    <ClInclude Include="TimeScale.h">
      <Filter>Header Files</Filter>
    </ClInclude>
    <ClInclude Include="Period.h">
      <Filter>Header Files</Filter>
    </ClInclude>
    <ClInclude Include="LonLatRange.h">
      <Filter>Header Files</Filter>
    </ClInclude>
    <ClInclude Include="Level.h">
      <Filter>Header Files</Filter>
    </ClInclude>
    <ClInclude Include="Data.h">
      <Filter>Header Files</Filter>
    </ClInclude>
    <ClInclude Include="Reference.h">
      <Filter>Header Files</Filter>
    </ClInclude>
    <ClInclude Include="BasicData.h">
      <Filter>Header Files</Filter>
    </ClInclude>
    <ClInclude Include="FileType.h">
      <Filter>Header Files</Filter>
    </ClInclude>
    <ClInclude Include="FileTypeManager.h">
      <Filter>Header Files</Filter>
    </ClInclude>
    <ClInclude Include="CommonFunction.h">
      <Filter>Header Files</Filter>
    </ClInclude>
    <ClInclude Include="basic.h">
      <Filter>Header Files</Filter>
    </ClInclude>
    <ClInclude Include="ProductType.h">
      <Filter>Header Files</Filter>
    </ClInclude>
    <ClInclude Include="ProductTypeManager.h">
      <Filter>Header Files</Filter>
    </ClInclude>
    <ClInclude Include="CDataElement">
      <Filter>Header Files</Filter>
    </ClInclude>
    <ClInclude Include="SingleStationElement.h">
      <Filter>Header Files</Filter>
    </ClInclude>
    <ClInclude Include="SingleStationElementData.h">
      <Filter>Header Files</Filter>
    </ClInclude>
  </ItemGroup>
  <ItemGroup>
    <ClCompile Include="CElement.cpp">
      <Filter>Source Files</Filter>
    </ClCompile>
    <ClCompile Include="CElementInfo.cpp">
      <Filter>Source Files</Filter>
    </ClCompile>
    <ClCompile Include="Station.cpp">
      <Filter>Source Files</Filter>
    </ClCompile>
    <ClCompile Include="MeteElement.cpp">
      <Filter>Source Files</Filter>
    </ClCompile>
    <ClCompile Include="TimeScale.cpp">
      <Filter>Source Files</Filter>
    </ClCompile>
    <ClCompile Include="Period.cpp">
      <Filter>Source Files</Filter>
    </ClCompile>
    <ClCompile Include="LonLatRange.cpp">
      <Filter>Source Files</Filter>
    </ClCompile>
    <ClCompile Include="Level.cpp">
      <Filter>Source Files</Filter>
    </ClCompile>
    <ClCompile Include="Data.cpp">
      <Filter>Source Files</Filter>
    </ClCompile>
    <ClCompile Include="Reference.cpp">
      <Filter>Source Files</Filter>
    </ClCompile>
    <ClCompile Include="BasicData.cpp">
      <Filter>Source Files</Filter>
    </ClCompile>
    <ClCompile Include="FileType.cpp">
      <Filter>Source Files</Filter>
    </ClCompile>
    <ClCompile Include="FileTypeManager.cpp">
      <Filter>Source Files</Filter>
    </ClCompile>
    <ClCompile Include="CommonFunctions.cpp">
      <Filter>Source Files</Filter>
    </ClCompile>
    <ClCompile Include="ProductType.cpp">
      <Filter>Source Files</Filter>
    </ClCompile>
    <ClCompile Include="ProductTypeManager.cpp">
      <Filter>Source Files</Filter>
    </ClCompile>
    <ClCompile Include="SingleStationElement.cpp">
      <Filter>Source Files</Filter>
    </ClCompile>
    <ClCompile Include="SingleStationElementData.cpp">
      <Filter>Source Files</Filter>
    </ClCompile>
  </ItemGroup>
</Project>