<?xml version="1.0" encoding="utf-8"?>
<Project ToolsVersion="4.0" xmlns="http://schemas.microsoft.com/developer/msbuild/2003">
  <ItemGroup>
    <Filter Include="Source Files">
      <UniqueIdentifier>{4FC737F1-C7A5-4376-A066-2A32D752A2FF}</UniqueIdentifier>
      <Extensions>cpp;c;cc;cxx;def;odl;idl;hpj;bat;asm;asmx</Extensions>
    </Filter>
    <Filter Include="Header Files">
      <UniqueIdentifier>{93995380-89BD-4b04-88EB-625FBE52EBFB}</UniqueIdentifier>
      <Extensions>h;hpp;hxx;hm;inl;inc;xsd</Extensions>
    </Filter>
    <Filter Include="Resource Files">
      <UniqueIdentifier>{67DA6AB6-F800-4c08-8B7A-83BB121AAD01}</UniqueIdentifier>
      <Extensions>rc;ico;cur;bmp;dlg;rc2;rct;bin;rgs;gif;jpg;jpeg;jpe;resx;tiff;tif;png;wav;mfcribbon-ms</Extensions>
    </Filter>
  </ItemGroup>
  <ItemGroup>
    <ClCompile Include="OsgEarthBridge.cpp">
      <Filter>Source Files</Filter>
    </ClCompile>
    <ClCompile Include="Compass.cpp">
      <Filter>Source Files</Filter>
    </ClCompile>
    <ClCompile Include="PlaneInfo.cpp">
      <Filter>Source Files</Filter>
    </ClCompile>
    <ClCompile Include="ClipBoard.cpp">
      <Filter>Source Files</Filter>
    </ClCompile>
    <ClCompile Include="idpEarthManipulator.cpp">
      <Filter>Source Files</Filter>
    </ClCompile>
    <ClCompile Include="GISMapManager.cpp">
      <Filter>Source Files</Filter>
    </ClCompile>
    <ClCompile Include="MarchingCubes.cpp">
      <Filter>Source Files</Filter>
    </ClCompile>
    <ClCompile Include="RadarDataFromMarchingCubes.cpp">
      <Filter>Source Files</Filter>
    </ClCompile>
    <ClCompile Include="osgVolumeImp.cpp">
      <Filter>Source Files</Filter>
    </ClCompile>
    <ClCompile Include="VolumeAlgorithmFactory.cpp">
      <Filter>Source Files</Filter>
    </ClCompile>
    <ClCompile Include="ExtendMap.cpp">
      <Filter>Source Files</Filter>
    </ClCompile>
    <ClCompile Include="ExtendMapFactory.cpp">
      <Filter>Source Files</Filter>
    </ClCompile>
    <ClCompile Include="InterfaceFunction.cpp">
      <Filter>Source Files</Filter>
    </ClCompile>
  </ItemGroup>
  <ItemGroup>
    <ClInclude Include="OsgEarthBridge.h">
      <Filter>Header Files</Filter>
    </ClInclude>
    <ClInclude Include="Compass.h">
      <Filter>Header Files</Filter>
    </ClInclude>
    <ClInclude Include="GISExtendConfig.h">
      <Filter>Header Files</Filter>
    </ClInclude>
    <ClInclude Include="InterpolationRadarDataInterface.h">
      <Filter>Header Files</Filter>
    </ClInclude>
    <ClInclude Include="MarchingCubesDataInterface.h">
      <Filter>Header Files</Filter>
    </ClInclude>
    <ClInclude Include="PlaneInfo.h">
      <Filter>Header Files</Filter>
    </ClInclude>
    <ClInclude Include="ClipBoard.h">
      <Filter>Header Files</Filter>
    </ClInclude>
    <ClInclude Include="RadarMarchingCubes.h">
      <Filter>Header Files</Filter>
    </ClInclude>
    <ClInclude Include="idpEarthManipulator.h">
      <Filter>Header Files</Filter>
    </ClInclude>
    <ClInclude Include="GISMapManager.h">
      <Filter>Header Files</Filter>
    </ClInclude>
    <ClInclude Include="MarchingCubes.h">
      <Filter>Header Files</Filter>
    </ClInclude>
    <ClInclude Include="RadarDataFromMarchingCubes.h">
      <Filter>Header Files</Filter>
    </ClInclude>
    <ClInclude Include="osgVolumeImp.h">
      <Filter>Header Files</Filter>
    </ClInclude>
    <ClInclude Include="VolumeAlgorithmFactory.h">
      <Filter>Header Files</Filter>
    </ClInclude>
    <ClInclude Include="VolumeDraw.h">
      <Filter>Header Files</Filter>
    </ClInclude>
    <ClInclude Include="ExtendMap.h">
      <Filter>Header Files</Filter>
    </ClInclude>
    <ClInclude Include="ExtendMapFactory.h">
      <Filter>Header Files</Filter>
    </ClInclude>
    <ClInclude Include="IsoSurface.h">
      <Filter>Header Files</Filter>
    </ClInclude>
    <ClInclude Include="ClipPlaneInterface.h">
      <Filter>Header Files</Filter>
    </ClInclude>
    <ClInclude Include="InterfaceFunction.h">
      <Filter>Header Files</Filter>
    </ClInclude>
  </ItemGroup>
</Project>