<?xml version="1.0" encoding="utf-8"?>
<Project ToolsVersion="4.0" xmlns="http://schemas.microsoft.com/developer/msbuild/2003">
  <ItemGroup>
    <Filter Include="Source Files">
      <UniqueIdentifier>{4FC737F1-C7A5-4376-A066-2A32D752A2FF}</UniqueIdentifier>
      <Extensions>cpp;cxx;c;def</Extensions>
    </Filter>
    <Filter Include="Header Files">
      <UniqueIdentifier>{93995380-89BD-4b04-88EB-625FBE52EBFB}</UniqueIdentifier>
      <Extensions>h</Extensions>
    </Filter>
    <Filter Include="Form Files">
      <UniqueIdentifier>{99349809-55BA-4b9d-BF79-8FDBB0286EB3}</UniqueIdentifier>
      <Extensions>ui</Extensions>
    </Filter>
    <Filter Include="Resource Files">
      <UniqueIdentifier>{D9D6E242-F8AF-46E4-B9FD-80ECBC20BA3E}</UniqueIdentifier>
      <Extensions>qrc;*</Extensions>
      <ParseFiles>false</ParseFiles>
    </Filter>
    <Filter Include="Generated Files">
      <UniqueIdentifier>{71ED8ED8-ACB9-4CE9-BBE1-E00B30144E11}</UniqueIdentifier>
      <Extensions>moc;h;cpp</Extensions>
      <SourceControlFiles>False</SourceControlFiles>
    </Filter>
    <Filter Include="Generated Files\Debug">
      <UniqueIdentifier>{bd7226d1-3a30-4482-a4ee-c6fcca425c26}</UniqueIdentifier>
      <Extensions>cpp;moc</Extensions>
      <SourceControlFiles>False</SourceControlFiles>
    </Filter>
    <Filter Include="Generated Files\Release">
      <UniqueIdentifier>{d1da90af-05fb-4c89-a05c-ba38006c9357}</UniqueIdentifier>
      <Extensions>cpp;moc</Extensions>
      <SourceControlFiles>False</SourceControlFiles>
    </Filter>
  </ItemGroup>
  <ItemGroup>
    <ClInclude Include="idp_control_global.h">
      <Filter>Header Files</Filter>
    </ClInclude>
    <ClInclude Include="RadarCameraControler.h">
      <Filter>Header Files</Filter>
    </ClInclude>
    <ClInclude Include="LayerTreeControler.h">
      <Filter>Header Files</Filter>
    </ClInclude>
    <ClInclude Include="IDPUIControlImp.h">
      <Filter>Header Files</Filter>
    </ClInclude>
    <ClInclude Include="AnimaticFrame.h">
      <Filter>Header Files</Filter>
    </ClInclude>
    <ClInclude Include="Radar3DFrameImp.h">
      <Filter>Header Files</Filter>
    </ClInclude>
    <ClInclude Include="AnimaticDataLoader.h">
      <Filter>Header Files</Filter>
    </ClInclude>
    <ClInclude Include="AnimaticDataLoaderImp.h">
      <Filter>Header Files</Filter>
    </ClInclude>
    <ClInclude Include="RadarAnimaticImp.h">
      <Filter>Header Files</Filter>
    </ClInclude>
    <ClInclude Include="AnimaticControler.h">
      <Filter>Header Files</Filter>
    </ClInclude>
    <ClInclude Include="AnimaticControlerInterface.h">
      <Filter>Header Files</Filter>
    </ClInclude>
    <ClInclude Include="EarthquakeFileDisplay.h">
      <Filter>Header Files</Filter>
    </ClInclude>
    <ClInclude Include="EarthQuakeSympolLibrary.h">
      <Filter>Header Files</Filter>
    </ClInclude>
    <ClInclude Include="DrawLine.h">
      <Filter>Header Files</Filter>
    </ClInclude>
    <ClInclude Include="DrawPolygonalLine.h">
      <Filter>Header Files</Filter>
    </ClInclude>
    <ClInclude Include="DrawCircle.h">
      <Filter>Header Files</Filter>
    </ClInclude>
    <ClInclude Include="DrawRect.h">
      <Filter>Header Files</Filter>
    </ClInclude>
    <ClInclude Include="CommonDataAccess.h">
      <Filter>Header Files</Filter>
    </ClInclude>
    <ClInclude Include="MapDataAccess.h">
      <Filter>Header Files</Filter>
    </ClInclude>
    <ClInclude Include="GeneratedFiles\ui_DB2Dialog.h">
      <Filter>Generated Files</Filter>
    </ClInclude>
    <ClInclude Include="GeneratedFiles\ui_PlotDialog.h">
      <Filter>Generated Files</Filter>
    </ClInclude>
    <ClInclude Include="ClipCallback.h">
      <Filter>Header Files</Filter>
    </ClInclude>
    <ClInclude Include="IDPDrawGeometryData.h">
      <Filter>Header Files</Filter>
    </ClInclude>
    <ClInclude Include="DrawSymbol.h">
      <Filter>Header Files</Filter>
    </ClInclude>
    <ClInclude Include="ColdFront.h">
      <Filter>Header Files</Filter>
    </ClInclude>
    <ClInclude Include="WarmFront.h">
      <Filter>Header Files</Filter>
    </ClInclude>
    <ClInclude Include="AlgorithmInterface.h">
      <Filter>Header Files</Filter>
    </ClInclude>
    <ClInclude Include="MathHelper.h">
      <Filter>Header Files</Filter>
    </ClInclude>
    <ClInclude Include="VectorAlgorithm.h">
      <Filter>Header Files</Filter>
    </ClInclude>
    <ClInclude Include="CardinalSpline.h">
      <Filter>Header Files</Filter>
    </ClInclude>
    <ClInclude Include="OcclusionFront.h">
      <Filter>Header Files</Filter>
    </ClInclude>
    <ClInclude Include="Wind.h">
      <Filter>Header Files</Filter>
    </ClInclude>
    <ClInclude Include="DrawWindSymbol.h">
      <Filter>Header Files</Filter>
    </ClInclude>
    <ClInclude Include="ColorTableActions.h">
      <Filter>Header Files</Filter>
    </ClInclude>
    <ClInclude Include="DeleteSymbol.h">
      <Filter>Header Files</Filter>
    </ClInclude>
    <ClInclude Include="MoveSymbol.h">
      <Filter>Header Files</Filter>
    </ClInclude>
    <ClInclude Include="MainControlFrame.h">
      <Filter>Header Files</Filter>
    </ClInclude>
    <ClInclude Include="ViewMapAdatper.h">
      <Filter>Header Files</Filter>
    </ClInclude>
    <ClInclude Include="Controller.h">
      <Filter>Header Files</Filter>
    </ClInclude>
    <ClInclude Include="ControllerManager.h">
      <Filter>Header Files</Filter>
    </ClInclude>
    <ClInclude Include="ControllerFrameContext.h">
      <Filter>Header Files</Filter>
    </ClInclude>
    <ClInclude Include="FrameModel.h">
      <Filter>Header Files</Filter>
    </ClInclude>
    <ClInclude Include="TreeViewEventInterface.h">
      <Filter>Header Files</Filter>
    </ClInclude>
  </ItemGroup>
  <ItemGroup>
    <ClCompile Include="ViewManager.cpp">
      <Filter>Source Files</Filter>
    </ClCompile>
    <ClCompile Include="RadarCameraControler.cpp">
      <Filter>Source Files</Filter>
    </ClCompile>
    <ClCompile Include="LayerTreeControler.cpp">
      <Filter>Source Files</Filter>
    </ClCompile>
    <ClCompile Include="IDPUIControlImp.cpp">
      <Filter>Source Files</Filter>
    </ClCompile>
    <ClCompile Include="Radar3DFrameImp.cpp">
      <Filter>Source Files</Filter>
    </ClCompile>
    <ClCompile Include="AnimaticDataLoaderImp.cpp">
      <Filter>Source Files</Filter>
    </ClCompile>
    <ClCompile Include="RadarAnimaticImp.cpp">
      <Filter>Source Files</Filter>
    </ClCompile>
    <ClCompile Include="AnimaticControler.cpp">
      <Filter>Source Files</Filter>
    </ClCompile>
    <ClCompile Include="EarthquakeFileDisplay.cpp">
      <Filter>Source Files</Filter>
    </ClCompile>
    <ClCompile Include="EarthQuakeSympolLibrary.cpp">
      <Filter>Source Files</Filter>
    </ClCompile>
    <ClCompile Include="DrawLine.cpp">
      <Filter>Source Files</Filter>
    </ClCompile>
    <ClCompile Include="DrawPolygonalLine.cpp">
      <Filter>Source Files</Filter>
    </ClCompile>
    <ClCompile Include="DrawCircle.cpp">
      <Filter>Source Files</Filter>
    </ClCompile>
    <ClCompile Include="DrawRect.cpp">
      <Filter>Source Files</Filter>
    </ClCompile>
    <ClCompile Include="CommonDataAccess.cpp">
      <Filter>Source Files</Filter>
    </ClCompile>
    <ClCompile Include="MapDataAccess.cpp">
      <Filter>Source Files</Filter>
    </ClCompile>
    <ClCompile Include="RadarDataAccess.cpp">
      <Filter>Source Files</Filter>
    </ClCompile>
    <ClCompile Include="GeneratedFiles\Debug\moc_RadarDataAccess.cpp">
      <Filter>Generated Files\Debug</Filter>
    </ClCompile>
    <ClCompile Include="GeneratedFiles\Release\moc_RadarDataAccess.cpp">
      <Filter>Generated Files\Release</Filter>
    </ClCompile>
    <ClCompile Include="DB2Dialog.cpp">
      <Filter>Source Files</Filter>
    </ClCompile>
    <ClCompile Include="GeneratedFiles\Debug\moc_DB2Dialog.cpp">
      <Filter>Generated Files\Debug</Filter>
    </ClCompile>
    <ClCompile Include="GeneratedFiles\Release\moc_DB2Dialog.cpp">
      <Filter>Generated Files\Release</Filter>
    </ClCompile>
    <ClCompile Include="PlotDialog.cpp">
      <Filter>Source Files</Filter>
    </ClCompile>
    <ClCompile Include="GeneratedFiles\Debug\moc_PlotDialog.cpp">
      <Filter>Generated Files\Debug</Filter>
    </ClCompile>
    <ClCompile Include="GeneratedFiles\Release\moc_PlotDialog.cpp">
      <Filter>Generated Files\Release</Filter>
    </ClCompile>
    <ClCompile Include="ClipCallback.cpp">
      <Filter>Source Files</Filter>
    </ClCompile>
    <ClCompile Include="IDPDrawGeometryData.cpp">
      <Filter>Source Files</Filter>
    </ClCompile>
    <ClCompile Include="DrawSymbol.cpp">
      <Filter>Source Files</Filter>
    </ClCompile>
    <ClCompile Include="ColdFront.cpp">
      <Filter>Source Files</Filter>
    </ClCompile>
    <ClCompile Include="WarmFront.cpp">
      <Filter>Source Files</Filter>
    </ClCompile>
    <ClCompile Include="MathHelper.cpp">
      <Filter>Source Files</Filter>
    </ClCompile>
    <ClCompile Include="VectorAlgorithm.cpp">
      <Filter>Source Files</Filter>
    </ClCompile>
    <ClCompile Include="CardinalSpline.cpp">
      <Filter>Source Files</Filter>
    </ClCompile>
    <ClCompile Include="OcclusionFront.cpp">
      <Filter>Source Files</Filter>
    </ClCompile>
    <ClCompile Include="Wind.cpp">
      <Filter>Source Files</Filter>
    </ClCompile>
    <ClCompile Include="DrawWindSymbol.cpp">
      <Filter>Source Files</Filter>
    </ClCompile>
    <ClCompile Include="ColorTableActions.cpp">
      <Filter>Source Files</Filter>
    </ClCompile>
    <ClCompile Include="DeleteSymbol.cpp">
      <Filter>Source Files</Filter>
    </ClCompile>
    <ClCompile Include="MoveSymbol.cpp">
      <Filter>Source Files</Filter>
    </ClCompile>
    <ClCompile Include="MainControlFrame.cpp">
      <Filter>Source Files</Filter>
    </ClCompile>
    <ClCompile Include="ViewMapAdatper.cpp">
      <Filter>Source Files</Filter>
    </ClCompile>
  </ItemGroup>
  <ItemGroup>
    <None Include="ClassDiagram1.cd" />
  </ItemGroup>
  <ItemGroup>
    <CustomBuild Include="ViewManager.h">
      <Filter>Header Files</Filter>
    </CustomBuild>
    <CustomBuild Include="RadarDataAccess.h">
      <Filter>Header Files</Filter>
    </CustomBuild>
    <CustomBuild Include="DB2Dialog.ui">
      <Filter>Form Files</Filter>
    </CustomBuild>
    <CustomBuild Include="DB2Dialog.h">
      <Filter>Header Files</Filter>
    </CustomBuild>
    <CustomBuild Include="PlotDialog.ui">
      <Filter>Form Files</Filter>
    </CustomBuild>
    <CustomBuild Include="PlotDialog.h">
      <Filter>Header Files</Filter>
    </CustomBuild>
  </ItemGroup>
</Project>