<?xml version="1.0" encoding="utf-8"?>
<Project ToolsVersion="4.0" xmlns="http://schemas.microsoft.com/developer/msbuild/2003">
  <ItemGroup>
    <ClCompile Include="AlertList.cpp">
      <Filter>Source Files</Filter>
    </ClCompile>
    <ClCompile Include="StandardRadarDataX.cpp">
      <Filter>Source Files</Filter>
    </ClCompile>
    <ClCompile Include="blocksort.c">
      <Filter>Source Files</Filter>
    </ClCompile>
    <ClCompile Include="bzlib.c">
      <Filter>Source Files</Filter>
    </ClCompile>
    <ClCompile Include="cDrawProduct.cpp">
      <Filter>Source Files</Filter>
    </ClCompile>
    <ClCompile Include="compress.c">
      <Filter>Source Files</Filter>
    </ClCompile>
    <ClCompile Include="crctable.c">
      <Filter>Source Files</Filter>
    </ClCompile>
    <ClCompile Include="decompress.c">
      <Filter>Source Files</Filter>
    </ClCompile>
    <ClCompile Include="GData.cpp">
      <Filter>Source Files</Filter>
    </ClCompile>
    <ClCompile Include="GDataFiles.cpp">
      <Filter>Source Files</Filter>
    </ClCompile>
    <ClCompile Include="huffman.c">
      <Filter>Source Files</Filter>
    </ClCompile>
    <ClCompile Include="MultiProductBase.cpp">
      <Filter>Source Files</Filter>
    </ClCompile>
    <ClCompile Include="ProductRead.cpp">
      <Filter>Source Files</Filter>
    </ClCompile>
    <ClCompile Include="RadarStatusData.cpp">
      <Filter>Source Files</Filter>
    </ClCompile>
    <ClCompile Include="randtable.c">
      <Filter>Source Files</Filter>
    </ClCompile>
    <ClCompile Include="ShowSystemApp.cpp">
      <Filter>Source Files</Filter>
    </ClCompile>
    <ClCompile Include="SingleProductBase.cpp">
      <Filter>Source Files</Filter>
    </ClCompile>
    <ClCompile Include="ProductInfo.cpp">
      <Filter>Source Files</Filter>
    </ClCompile>
    <ClCompile Include="CJulMsGMT.cpp">
      <Filter>Source Files</Filter>
    </ClCompile>
    <ClCompile Include="CPolC2LonLatReseau.cpp">
      <Filter>Source Files</Filter>
    </ClCompile>
  </ItemGroup>
  <ItemGroup>
    <ClInclude Include="AlertList.h">
      <Filter>Header Files</Filter>
    </ClInclude>
    <ClInclude Include="bzlib_private.h">
      <Filter>Header Files</Filter>
    </ClInclude>
    <ClInclude Include="bzlib.h">
      <Filter>Header Files</Filter>
    </ClInclude>
    <ClInclude Include="cDrawProduct.h">
      <Filter>Header Files</Filter>
    </ClInclude>
    <ClInclude Include="GData.h">
      <Filter>Header Files</Filter>
    </ClInclude>
    <ClInclude Include="GDataFiles.h">
      <Filter>Header Files</Filter>
    </ClInclude>
    <ClInclude Include="GDataStream.h">
      <Filter>Header Files</Filter>
    </ClInclude>
    <ClInclude Include="GDef.h">
      <Filter>Header Files</Filter>
    </ClInclude>
    <ClInclude Include="IBase.h">
      <Filter>Header Files</Filter>
    </ClInclude>
    <ClInclude Include="MultiProductBase.h">
      <Filter>Header Files</Filter>
    </ClInclude>
    <ClInclude Include="ProductInfo.h">
      <Filter>Header Files</Filter>
    </ClInclude>
    <ClInclude Include="ProductRead.h">
      <Filter>Header Files</Filter>
    </ClInclude>
    <ClInclude Include="RadarStatusData.h">
      <Filter>Header Files</Filter>
    </ClInclude>
    <ClInclude Include="RequestMessage.h">
      <Filter>Header Files</Filter>
    </ClInclude>
    <ClInclude Include="ShowSystemApp.h">
      <Filter>Header Files</Filter>
    </ClInclude>
    <ClInclude Include="SingleProductBase.h">
      <Filter>Header Files</Filter>
    </ClInclude>
    <ClInclude Include="StandardRadarDataX.h">
      <Filter>Header Files</Filter>
    </ClInclude>
    <ClInclude Include="IArith.h">
      <Filter>Header Files</Filter>
    </ClInclude>
    <ClInclude Include="CJulMsGMT.h">
      <Filter>Header Files</Filter>
    </ClInclude>
    <ClInclude Include="GXList.h">
      <Filter>Header Files</Filter>
    </ClInclude>
    <ClInclude Include="CPolC2LonLatReseau.h">
      <Filter>Header Files</Filter>
    </ClInclude>
  </ItemGroup>
  <ItemGroup>
    <None Include="GData.inl">
      <Filter>Source Files</Filter>
    </None>
    <None Include="GDataStream.inl">
      <Filter>Source Files</Filter>
    </None>
    <None Include="MultiProductBase.inl">
      <Filter>Source Files</Filter>
    </None>
    <None Include="RequestMessage.inl">
      <Filter>Source Files</Filter>
    </None>
    <None Include="SingleProductBase.inl">
      <Filter>Source Files</Filter>
    </None>
  </ItemGroup>
  <ItemGroup>
    <Filter Include="Header Files">
      <UniqueIdentifier>{0af38609-b571-4d88-9151-e7b675fa7d33}</UniqueIdentifier>
    </Filter>
    <Filter Include="Source Files">
      <UniqueIdentifier>{c94f07cd-86b3-4d77-a972-48c80370aa18}</UniqueIdentifier>
    </Filter>
  </ItemGroup>
</Project>