<?xml version="1.0" encoding="utf-8"?>
<Project ToolsVersion="4.0" xmlns="http://schemas.microsoft.com/developer/msbuild/2003">
  <ItemGroup>
    <Filter Include="Source Files">
      <UniqueIdentifier>{4FC737F1-C7A5-4376-A066-2A32D752A2FF}</UniqueIdentifier>
      <Extensions>cpp;cxx;c;def</Extensions>
    </Filter>
    <Filter Include="Header Files">
      <UniqueIdentifier>{93995380-89BD-4b04-88EB-625FBE52EBFB}</UniqueIdentifier>
      <Extensions>h</Extensions>
    </Filter>
    <Filter Include="Form Files">
      <UniqueIdentifier>{99349809-55BA-4b9d-BF79-8FDBB0286EB3}</UniqueIdentifier>
      <Extensions>ui</Extensions>
    </Filter>
    <Filter Include="Resource Files">
      <UniqueIdentifier>{D9D6E242-F8AF-46E4-B9FD-80ECBC20BA3E}</UniqueIdentifier>
      <Extensions>qrc;*</Extensions>
      <ParseFiles>false</ParseFiles>
    </Filter>
    <Filter Include="Generated Files">
      <UniqueIdentifier>{71ED8ED8-ACB9-4CE9-BBE1-E00B30144E11}</UniqueIdentifier>
      <Extensions>moc;h;cpp</Extensions>
      <SourceControlFiles>False</SourceControlFiles>
    </Filter>
    <Filter Include="Generated Files\Debug">
      <UniqueIdentifier>{f1b2cce4-9940-40cc-8a3c-f4a0711cad54}</UniqueIdentifier>
      <Extensions>cpp;moc</Extensions>
      <SourceControlFiles>False</SourceControlFiles>
    </Filter>
    <Filter Include="Generated Files\Release">
      <UniqueIdentifier>{0899044f-9719-4c07-aa00-babd6adcd3f1}</UniqueIdentifier>
      <Extensions>cpp;moc</Extensions>
      <SourceControlFiles>False</SourceControlFiles>
    </Filter>
  </ItemGroup>
  <ItemGroup>
    <ClInclude Include="tmui_global.h">
      <Filter>Header Files</Filter>
    </ClInclude>
    <ClInclude Include="CipasComposerItemCommand.h">
      <Filter>Header Files</Filter>
    </ClInclude>
    <ClInclude Include="CipasPaperItem.h">
      <Filter>Header Files</Filter>
    </ClInclude>
    <ClInclude Include="Cipasitemcommand.h">
      <Filter>Header Files</Filter>
    </ClInclude>
    <ClInclude Include="CipasComposerLabel.h">
      <Filter>Header Files</Filter>
    </ClInclude>
    <ClInclude Include="CipasPoint.h">
      <Filter>Header Files</Filter>
    </ClInclude>
    <ClInclude Include="CipasMapToPixel.h">
      <Filter>Header Files</Filter>
    </ClInclude>
    <ClInclude Include="CipasRenderContext.h">
      <Filter>Header Files</Filter>
    </ClInclude>
    <ClInclude Include="CipasRectangle.h">
      <Filter>Header Files</Filter>
    </ClInclude>
    <ClInclude Include="ui_ciapscomposerlegendlayersdialogbase.h">
      <Filter>Header Files</Filter>
    </ClInclude>
    <ClInclude Include="ui_cipascomposerarrowwidgetbase.h">
      <Filter>Header Files</Filter>
    </ClInclude>
    <ClInclude Include="ui_cipascomposerbase.h">
      <Filter>Header Files</Filter>
    </ClInclude>
    <ClInclude Include="ui_cipascomposerlabelwidgetbase.h">
      <Filter>Header Files</Filter>
    </ClInclude>
    <ClInclude Include="ui_cipascomposerlegenditemdialogbase.h">
      <Filter>Header Files</Filter>
    </ClInclude>
    <ClInclude Include="ui_cipascomposerlegendlayersdialogbase.h">
      <Filter>Header Files</Filter>
    </ClInclude>
    <ClInclude Include="ui_cipascomposerlegendwidgetbase.h">
      <Filter>Header Files</Filter>
    </ClInclude>
    <ClInclude Include="ui_cipascomposermapwidgetbase.h">
      <Filter>Header Files</Filter>
    </ClInclude>
    <ClInclude Include="ui_cipascomposerpicturewidgetbase.h">
      <Filter>Header Files</Filter>
    </ClInclude>
    <ClInclude Include="ui_cipascomposerscalebarwidgetbase.h">
      <Filter>Header Files</Filter>
    </ClInclude>
    <ClInclude Include="ui_cipascomposershapewidgetbase.h">
      <Filter>Header Files</Filter>
    </ClInclude>
    <ClInclude Include="ui_cipascompositionwidgetbase.h">
      <Filter>Header Files</Filter>
    </ClInclude>
    <ClInclude Include="Tempalte.h">
      <Filter>Header Files</Filter>
    </ClInclude>
    <ClInclude Include="cipascolorbutton.h">
      <Filter>Header Files</Filter>
    </ClInclude>
    <ClInclude Include="CipasTemplateModel.h">
      <Filter>Header Files</Filter>
    </ClInclude>
    <ClInclude Include="CipasScaleBarStyle.h">
      <Filter>Header Files</Filter>
    </ClInclude>
    <ClInclude Include="CipasDoubleboxscalebarstyle.h">
      <Filter>Header Files</Filter>
    </ClInclude>
    <ClInclude Include="CipasNumericscalebarstyle.h">
      <Filter>Header Files</Filter>
    </ClInclude>
    <ClInclude Include="CipasSingleBoxScaleBarStyle.h">
      <Filter>Header Files</Filter>
    </ClInclude>
    <ClInclude Include="CipasTicksscalebarstyle.h">
      <Filter>Header Files</Filter>
    </ClInclude>
    <ClInclude Include="CipasComposerArrow.h">
      <Filter>Header Files</Filter>
    </ClInclude>
    <ClInclude Include="CipasComposerLegendItem.h">
      <Filter>Header Files</Filter>
    </ClInclude>
    <ClInclude Include="cipascomposerlegenditemdialog.h">
      <Filter>Header Files</Filter>
    </ClInclude>
    <ClInclude Include="CipasGISLegendStyle.h">
      <Filter>Header Files</Filter>
    </ClInclude>
    <ClInclude Include="CipasGradsHorizontalLegendStyle.h">
      <Filter>Header Files</Filter>
    </ClInclude>
    <ClInclude Include="CipasGradsVerticalLegendStyle.h">
      <Filter>Header Files</Filter>
    </ClInclude>
    <ClInclude Include="CipasLegendStyle.h">
      <Filter>Header Files</Filter>
    </ClInclude>
    <ClInclude Include="CipasTemplateItemDialog.h">
      <Filter>Header Files</Filter>
    </ClInclude>
  </ItemGroup>
  <ItemGroup>
    <ClCompile Include="GeneratedFiles\qrc_tmui.cpp">
      <Filter>Generated Files</Filter>
    </ClCompile>
    <ClCompile Include="ComposerView.cpp">
      <Filter>Source Files</Filter>
    </ClCompile>
    <ClCompile Include="GeneratedFiles\Release\moc_ComposerView.cpp">
      <Filter>Generated Files\Release</Filter>
    </ClCompile>
    <ClCompile Include="ComposerToolBar.cpp">
      <Filter>Source Files</Filter>
    </ClCompile>
    <ClCompile Include="GeneratedFiles\Release\moc_ComposerToolBar.cpp">
      <Filter>Generated Files\Release</Filter>
    </ClCompile>
    <ClCompile Include="ComposerItem.cpp">
      <Filter>Source Files</Filter>
    </ClCompile>
    <ClCompile Include="GeneratedFiles\Release\moc_ComposerItem.cpp">
      <Filter>Generated Files\Release</Filter>
    </ClCompile>
    <ClCompile Include="CipasComposerItemCommand.cpp">
      <Filter>Source Files</Filter>
    </ClCompile>
    <ClCompile Include="CipasPaperItem.cpp">
      <Filter>Source Files</Filter>
    </ClCompile>
    <ClCompile Include="CipasComposition.cpp">
      <Filter>Source Files</Filter>
    </ClCompile>
    <ClCompile Include="GeneratedFiles\Release\moc_CipasComposition.cpp">
      <Filter>Generated Files\Release</Filter>
    </ClCompile>
    <ClCompile Include="Cipasitemcommand.cpp">
      <Filter>Source Files</Filter>
    </ClCompile>
    <ClCompile Include="CipasComposerLabel.cpp">
      <Filter>Source Files</Filter>
    </ClCompile>
    <ClCompile Include="CipasComposerMap.cpp">
      <Filter>Source Files</Filter>
    </ClCompile>
    <ClCompile Include="GeneratedFiles\Release\moc_CipasComposerMap.cpp">
      <Filter>Generated Files\Release</Filter>
    </ClCompile>
    <ClCompile Include="CipasPoint.cpp">
      <Filter>Source Files</Filter>
    </ClCompile>
    <ClCompile Include="CipasMapRenderer.cpp">
      <Filter>Source Files</Filter>
    </ClCompile>
    <ClCompile Include="GeneratedFiles\Release\moc_CipasMapRenderer.cpp">
      <Filter>Generated Files\Release</Filter>
    </ClCompile>
    <ClCompile Include="CipasMapToPixel.cpp">
      <Filter>Source Files</Filter>
    </ClCompile>
    <ClCompile Include="CipasRenderContext.cpp">
      <Filter>Source Files</Filter>
    </ClCompile>
    <ClCompile Include="CipasRectangle.cpp">
      <Filter>Source Files</Filter>
    </ClCompile>
    <ClCompile Include="CipasComposerPicture.cpp">
      <Filter>Source Files</Filter>
    </ClCompile>
    <ClCompile Include="GeneratedFiles\Release\moc_CipasComposerPicture.cpp">
      <Filter>Generated Files\Release</Filter>
    </ClCompile>
    <ClCompile Include="CipasComposer.cpp">
      <Filter>Source Files</Filter>
    </ClCompile>
    <ClCompile Include="GeneratedFiles\Release\moc_CipasComposer.cpp">
      <Filter>Generated Files\Release</Filter>
    </ClCompile>
    <ClCompile Include="CipasTemplateTree.cpp">
      <Filter>Source Files</Filter>
    </ClCompile>
    <ClCompile Include="GeneratedFiles\Release\moc_CipasTemplateTree.cpp">
      <Filter>Generated Files\Release</Filter>
    </ClCompile>
    <ClCompile Include="CipasComposerView.cpp">
      <Filter>Source Files</Filter>
    </ClCompile>
    <ClCompile Include="GeneratedFiles\Release\moc_CipasComposerView.cpp">
      <Filter>Generated Files\Release</Filter>
    </ClCompile>
    <ClCompile Include="CipasComposerItemWidget.cpp">
      <Filter>Source Files</Filter>
    </ClCompile>
    <ClCompile Include="CipasComposerPictureWidget.cpp">
      <Filter>Source Files</Filter>
    </ClCompile>
    <ClCompile Include="GeneratedFiles\Release\moc_CipasComposerPictureWidget.cpp">
      <Filter>Generated Files\Release</Filter>
    </ClCompile>
    <ClCompile Include="CipasCompositionWidget.cpp">
      <Filter>Source Files</Filter>
    </ClCompile>
    <ClCompile Include="GeneratedFiles\Release\moc_CipasCompositionWidget.cpp">
      <Filter>Generated Files\Release</Filter>
    </ClCompile>
    <ClCompile Include="CipasComposerLabelWidget.cpp">
      <Filter>Source Files</Filter>
    </ClCompile>
    <ClCompile Include="GeneratedFiles\Release\moc_CipasComposerLabelWidget.cpp">
      <Filter>Generated Files\Release</Filter>
    </ClCompile>
    <ClCompile Include="cipascolorbutton.cpp">
      <Filter>Source Files</Filter>
    </ClCompile>
    <ClCompile Include="CipasTemplateModel.cpp">
      <Filter>Source Files</Filter>
    </ClCompile>
    <ClCompile Include="CipasComposerShape.cpp">
      <Filter>Source Files</Filter>
    </ClCompile>
    <ClCompile Include="GeneratedFiles\Release\moc_CipasComposerShape.cpp">
      <Filter>Generated Files\Release</Filter>
    </ClCompile>
    <ClCompile Include="CipasComposerScaleBar.cpp">
      <Filter>Source Files</Filter>
    </ClCompile>
    <ClCompile Include="GeneratedFiles\Release\moc_CipasComposerScaleBar.cpp">
      <Filter>Generated Files\Release</Filter>
    </ClCompile>
    <ClCompile Include="CipasScaleBarStyle.cpp">
      <Filter>Source Files</Filter>
    </ClCompile>
    <ClCompile Include="CipasDoubleboxscalebarstyle.cpp">
      <Filter>Source Files</Filter>
    </ClCompile>
    <ClCompile Include="CipasNumericscalebarstyle.cpp">
      <Filter>Source Files</Filter>
    </ClCompile>
    <ClCompile Include="CipasSingleBoxScaleBarStyle.cpp">
      <Filter>Source Files</Filter>
    </ClCompile>
    <ClCompile Include="CipasTicksscalebarstyle.cpp">
      <Filter>Source Files</Filter>
    </ClCompile>
    <ClCompile Include="CipasComposerArrow.cpp">
      <Filter>Source Files</Filter>
    </ClCompile>
    <ClCompile Include="CipasAddRemoveItemCommand.cpp">
      <Filter>Source Files</Filter>
    </ClCompile>
    <ClCompile Include="GeneratedFiles\Release\moc_CipasAddRemoveItemCommand.cpp">
      <Filter>Generated Files\Release</Filter>
    </ClCompile>
    <ClCompile Include="CipasComposerArrowWidget.cpp">
      <Filter>Source Files</Filter>
    </ClCompile>
    <ClCompile Include="GeneratedFiles\Release\moc_CipasComposerArrowWidget.cpp">
      <Filter>Generated Files\Release</Filter>
    </ClCompile>
    <ClCompile Include="CipasComposerScaleBarWidget.cpp">
      <Filter>Source Files</Filter>
    </ClCompile>
    <ClCompile Include="GeneratedFiles\Release\moc_CipasComposerScaleBarWidget.cpp">
      <Filter>Generated Files\Release</Filter>
    </ClCompile>
    <ClCompile Include="CipasComposerShapeWidget.cpp">
      <Filter>Source Files</Filter>
    </ClCompile>
    <ClCompile Include="GeneratedFiles\Release\moc_CipasComposerShapeWidget.cpp">
      <Filter>Generated Files\Release</Filter>
    </ClCompile>
    <ClCompile Include="CipasComposerLegendItem.cpp">
      <Filter>Source Files</Filter>
    </ClCompile>
    <ClCompile Include="CipasComposerLegendWidget.cpp">
      <Filter>Source Files</Filter>
    </ClCompile>
    <ClCompile Include="cipascomposerlegenditemdialog.cpp">
      <Filter>Source Files</Filter>
    </ClCompile>
    <ClCompile Include="CipasComposerLegendLayersDialog.cpp">
      <Filter>Source Files</Filter>
    </ClCompile>
    <ClCompile Include="GeneratedFiles\Release\moc_CipasComposerLegendWidget.cpp">
      <Filter>Generated Files\Release</Filter>
    </ClCompile>
    <ClCompile Include="CipasLegendModel.cpp">
      <Filter>Source Files</Filter>
    </ClCompile>
    <ClCompile Include="GeneratedFiles\Release\moc_CipasLegendModel.cpp">
      <Filter>Generated Files\Release</Filter>
    </ClCompile>
    <ClCompile Include="CipasComposerLegend.cpp">
      <Filter>Source Files</Filter>
    </ClCompile>
    <ClCompile Include="GeneratedFiles\Release\moc_CipasComposerLegend.cpp">
      <Filter>Generated Files\Release</Filter>
    </ClCompile>
    <ClCompile Include="CipasGISLegendStyle.cpp">
      <Filter>Source Files</Filter>
    </ClCompile>
    <ClCompile Include="CipasGradsHorizontalLegendStyle.cpp">
      <Filter>Source Files</Filter>
    </ClCompile>
    <ClCompile Include="CipasGradsVerticalLegendStyle.cpp">
      <Filter>Source Files</Filter>
    </ClCompile>
    <ClCompile Include="CipasLegendStyle.cpp">
      <Filter>Source Files</Filter>
    </ClCompile>
    <ClCompile Include="CipasComposeritemgroup.cpp">
      <Filter>Source Files</Filter>
    </ClCompile>
    <ClCompile Include="GeneratedFiles\Release\moc_CipasComposerItemgroup.cpp">
      <Filter>Generated Files\Release</Filter>
    </ClCompile>
    <ClCompile Include="CipasComposerGLW.cpp">
      <Filter>Source Files</Filter>
    </ClCompile>
    <ClCompile Include="CipasComposerGLWidget.cpp">
      <Filter>Source Files</Filter>
    </ClCompile>
    <ClCompile Include="GeneratedFiles\Release\moc_CipasComposerGLWidget.cpp">
      <Filter>Generated Files\Release</Filter>
    </ClCompile>
    <ClCompile Include="CipasExportDlg.cpp">
      <Filter>Source Files</Filter>
    </ClCompile>
    <ClCompile Include="GeneratedFiles\Release\moc_CipasExportDlg.cpp">
      <Filter>Generated Files\Release</Filter>
    </ClCompile>
    <ClCompile Include="GeneratedFiles\Release\moc_CipasComposerGLW.cpp">
      <Filter>Generated Files\Release</Filter>
    </ClCompile>
    <ClCompile Include="CipasTemplateItemDialog.cpp">
      <Filter>Source Files</Filter>
    </ClCompile>
    <ClCompile Include="GeneratedFiles\Release\moc_CipasComposerLegendLayersDialog.cpp">
      <Filter>Generated Files\Release</Filter>
    </ClCompile>
    <ClCompile Include="GeneratedFiles\Release\moc_CipasComposerItemWidget.cpp">
      <Filter>Generated Files\Release</Filter>
    </ClCompile>
    <ClCompile Include="GeneratedFiles\Debug\moc_CipasAddRemoveItemCommand.cpp">
      <Filter>Generated Files\Debug</Filter>
    </ClCompile>
    <ClCompile Include="GeneratedFiles\Debug\moc_CipasComposer.cpp">
      <Filter>Generated Files\Debug</Filter>
    </ClCompile>
    <ClCompile Include="GeneratedFiles\Debug\moc_CipasComposerArrowWidget.cpp">
      <Filter>Generated Files\Debug</Filter>
    </ClCompile>
    <ClCompile Include="GeneratedFiles\Debug\moc_CipasComposerGLW.cpp">
      <Filter>Generated Files\Debug</Filter>
    </ClCompile>
    <ClCompile Include="GeneratedFiles\Debug\moc_CipasComposerGLWidget.cpp">
      <Filter>Generated Files\Debug</Filter>
    </ClCompile>
    <ClCompile Include="GeneratedFiles\Debug\moc_CipasComposerItemgroup.cpp">
      <Filter>Generated Files\Debug</Filter>
    </ClCompile>
    <ClCompile Include="GeneratedFiles\Debug\moc_CipasComposerItemWidget.cpp">
      <Filter>Generated Files\Debug</Filter>
    </ClCompile>
    <ClCompile Include="GeneratedFiles\Debug\moc_CipasComposerLabelWidget.cpp">
      <Filter>Generated Files\Debug</Filter>
    </ClCompile>
    <ClCompile Include="GeneratedFiles\Debug\moc_CipasComposerLegend.cpp">
      <Filter>Generated Files\Debug</Filter>
    </ClCompile>
    <ClCompile Include="GeneratedFiles\Debug\moc_CipasComposerLegendLayersDialog.cpp">
      <Filter>Generated Files\Debug</Filter>
    </ClCompile>
    <ClCompile Include="GeneratedFiles\Debug\moc_CipasComposerLegendWidget.cpp">
      <Filter>Generated Files\Debug</Filter>
    </ClCompile>
    <ClCompile Include="GeneratedFiles\Debug\moc_CipasComposerMap.cpp">
      <Filter>Generated Files\Debug</Filter>
    </ClCompile>
    <ClCompile Include="GeneratedFiles\Debug\moc_CipasComposerPicture.cpp">
      <Filter>Generated Files\Debug</Filter>
    </ClCompile>
    <ClCompile Include="GeneratedFiles\Debug\moc_CipasComposerPictureWidget.cpp">
      <Filter>Generated Files\Debug</Filter>
    </ClCompile>
    <ClCompile Include="GeneratedFiles\Debug\moc_CipasComposerScaleBar.cpp">
      <Filter>Generated Files\Debug</Filter>
    </ClCompile>
    <ClCompile Include="GeneratedFiles\Debug\moc_CipasComposerScaleBarWidget.cpp">
      <Filter>Generated Files\Debug</Filter>
    </ClCompile>
    <ClCompile Include="GeneratedFiles\Debug\moc_CipasComposerShape.cpp">
      <Filter>Generated Files\Debug</Filter>
    </ClCompile>
    <ClCompile Include="GeneratedFiles\Debug\moc_CipasComposerShapeWidget.cpp">
      <Filter>Generated Files\Debug</Filter>
    </ClCompile>
    <ClCompile Include="GeneratedFiles\Debug\moc_CipasComposerView.cpp">
      <Filter>Generated Files\Debug</Filter>
    </ClCompile>
    <ClCompile Include="GeneratedFiles\Debug\moc_CipasComposition.cpp">
      <Filter>Generated Files\Debug</Filter>
    </ClCompile>
    <ClCompile Include="GeneratedFiles\Debug\moc_CipasCompositionWidget.cpp">
      <Filter>Generated Files\Debug</Filter>
    </ClCompile>
    <ClCompile Include="GeneratedFiles\Debug\moc_CipasExportDlg.cpp">
      <Filter>Generated Files\Debug</Filter>
    </ClCompile>
    <ClCompile Include="GeneratedFiles\Debug\moc_CipasLegendModel.cpp">
      <Filter>Generated Files\Debug</Filter>
    </ClCompile>
    <ClCompile Include="GeneratedFiles\Debug\moc_CipasMapRenderer.cpp">
      <Filter>Generated Files\Debug</Filter>
    </ClCompile>
    <ClCompile Include="GeneratedFiles\Debug\moc_CipasTemplateTree.cpp">
      <Filter>Generated Files\Debug</Filter>
    </ClCompile>
    <ClCompile Include="GeneratedFiles\Debug\moc_ComposerItem.cpp">
      <Filter>Generated Files\Debug</Filter>
    </ClCompile>
    <ClCompile Include="GeneratedFiles\Debug\moc_ComposerToolBar.cpp">
      <Filter>Generated Files\Debug</Filter>
    </ClCompile>
    <ClCompile Include="GeneratedFiles\Debug\moc_ComposerView.cpp">
      <Filter>Generated Files\Debug</Filter>
    </ClCompile>
  </ItemGroup>
  <ItemGroup>
    <CustomBuild Include="tmui.qrc">
      <Filter>Resource Files</Filter>
    </CustomBuild>
    <CustomBuild Include="ComposerView.h">
      <Filter>Header Files</Filter>
    </CustomBuild>
    <CustomBuild Include="ComposerToolBar.h">
      <Filter>Header Files</Filter>
    </CustomBuild>
    <CustomBuild Include="ComposerItem.h">
      <Filter>Header Files</Filter>
    </CustomBuild>
    <CustomBuild Include="CipasComposition.h">
      <Filter>Header Files</Filter>
    </CustomBuild>
    <CustomBuild Include="CipasComposerMap.h">
      <Filter>Header Files</Filter>
    </CustomBuild>
    <CustomBuild Include="CipasMapRenderer.h">
      <Filter>Header Files</Filter>
    </CustomBuild>
    <CustomBuild Include="CipasComposerPicture.h">
      <Filter>Header Files</Filter>
    </CustomBuild>
    <CustomBuild Include="CipasComposer.h">
      <Filter>Header Files</Filter>
    </CustomBuild>
    <CustomBuild Include="CipasTemplateTree.h">
      <Filter>Header Files</Filter>
    </CustomBuild>
    <CustomBuild Include="CipasComposerView.h">
      <Filter>Header Files</Filter>
    </CustomBuild>
    <CustomBuild Include="CipasComposerItemWidget.h">
      <Filter>Header Files</Filter>
    </CustomBuild>
    <CustomBuild Include="CipasComposerPictureWidget.h">
      <Filter>Header Files</Filter>
    </CustomBuild>
    <CustomBuild Include="CipasCompositionWidget.h">
      <Filter>Header Files</Filter>
    </CustomBuild>
    <CustomBuild Include="CipasComposerLabelWidget.h">
      <Filter>Header Files</Filter>
    </CustomBuild>
    <CustomBuild Include="ui_ciapscomposeritemwidgetbase.h">
      <Filter>Header Files</Filter>
    </CustomBuild>
    <CustomBuild Include="CipasComposerShape.h">
      <Filter>Header Files</Filter>
    </CustomBuild>
    <CustomBuild Include="CipasComposerScaleBar.h">
      <Filter>Header Files</Filter>
    </CustomBuild>
    <CustomBuild Include="CipasAddRemoveItemCommand.h">
      <Filter>Header Files</Filter>
    </CustomBuild>
    <CustomBuild Include="CipasComposerArrowWidget.h">
      <Filter>Header Files</Filter>
    </CustomBuild>
    <CustomBuild Include="CipasComposerScaleBarWidget.h">
      <Filter>Header Files</Filter>
    </CustomBuild>
    <CustomBuild Include="CipasComposerShapeWidget.h">
      <Filter>Header Files</Filter>
    </CustomBuild>
    <CustomBuild Include="CipasComposerLegendWidget.h">
      <Filter>Header Files</Filter>
    </CustomBuild>
    <CustomBuild Include="CipasLegendModel.h">
      <Filter>Header Files</Filter>
    </CustomBuild>
    <CustomBuild Include="CipasComposerLegend.h">
      <Filter>Header Files</Filter>
    </CustomBuild>
    <CustomBuild Include="CipasComposerItemgroup.h">
      <Filter>Header Files</Filter>
    </CustomBuild>
    <CustomBuild Include="CipasComposerGLW.h">
      <Filter>Header Files</Filter>
    </CustomBuild>
    <CustomBuild Include="CipasComposerGLWidget.h">
      <Filter>Header Files</Filter>
    </CustomBuild>
    <CustomBuild Include="CipasExportDlg.h">
      <Filter>Header Files</Filter>
    </CustomBuild>
    <CustomBuild Include="CipasComposerLegendLayersDialog.h">
      <Filter>Header Files</Filter>
    </CustomBuild>
  </ItemGroup>
  <ItemGroup>
    <None Include="ClassDiagram1.cd" />
  </ItemGroup>
</Project>