<?xml version="1.0" encoding="utf-8"?>
<Project ToolsVersion="4.0" xmlns="http://schemas.microsoft.com/developer/msbuild/2003">
  <ItemGroup>
    <Filter Include="Source Files">
      <UniqueIdentifier>{4FC737F1-C7A5-4376-A066-2A32D752A2FF}</UniqueIdentifier>
      <Extensions>cpp;c;cc;cxx;def;odl;idl;hpj;bat;asm;asmx</Extensions>
    </Filter>
    <Filter Include="Header Files">
      <UniqueIdentifier>{93995380-89BD-4b04-88EB-625FBE52EBFB}</UniqueIdentifier>
      <Extensions>h;hpp;hxx;hm;inl;inc;xsd</Extensions>
    </Filter>
    <Filter Include="Resource Files">
      <UniqueIdentifier>{67DA6AB6-F800-4c08-8B7A-83BB121AAD01}</UniqueIdentifier>
      <Extensions>rc;ico;cur;bmp;dlg;rc2;rct;bin;rgs;gif;jpg;jpeg;jpe;resx;tiff;tif;png;wav;mfcribbon-ms</Extensions>
    </Filter>
  </ItemGroup>
  <ItemGroup>
    <ClInclude Include="Field.h">
      <Filter>Header Files</Filter>
    </ClInclude>
    <ClInclude Include="Proj4Transform.h">
      <Filter>Header Files</Filter>
    </ClInclude>
    <ClInclude Include="CoordinateTransform.h">
      <Filter>Header Files</Filter>
    </ClInclude>
    <ClInclude Include="goConfig.h">
      <Filter>Header Files</Filter>
    </ClInclude>
    <ClInclude Include="goGeometry.h">
      <Filter>Header Files</Filter>
    </ClInclude>
    <ClInclude Include="goLineString.h">
      <Filter>Header Files</Filter>
    </ClInclude>
    <ClInclude Include="goPoint.h">
      <Filter>Header Files</Filter>
    </ClInclude>
    <ClInclude Include="goMultiLineString.h">
      <Filter>Header Files</Filter>
    </ClInclude>
    <ClInclude Include="goMultiPolygon.h">
      <Filter>Header Files</Filter>
    </ClInclude>
    <ClInclude Include="goLinearRing.h">
      <Filter>Header Files</Filter>
    </ClInclude>
    <ClInclude Include="goMultiPoint.h">
      <Filter>Header Files</Filter>
    </ClInclude>
    <ClInclude Include="goPolygon.h">
      <Filter>Header Files</Filter>
    </ClInclude>
    <ClInclude Include="GeoTo3DTransform.h">
      <Filter>Header Files</Filter>
    </ClInclude>
    <ClInclude Include="DataProvider.h">
      <Filter>Header Files</Filter>
    </ClInclude>
    <ClInclude Include="Layer.h">
      <Filter>Header Files</Filter>
    </ClInclude>
    <ClInclude Include="Map.h">
      <Filter>Header Files</Filter>
    </ClInclude>
    <ClInclude Include="VectorLayer.h">
      <Filter>Header Files</Filter>
    </ClInclude>
    <ClInclude Include="GeosOnTheOsg_Global.h">
      <Filter>Header Files</Filter>
    </ClInclude>
    <ClInclude Include="goQuadrilateral.h">
      <Filter>Header Files</Filter>
    </ClInclude>
    <ClInclude Include="RadarVectorLayer.h">
      <Filter>Header Files</Filter>
    </ClInclude>
    <ClInclude Include="OsgEarthTransform.h">
      <Filter>Header Files</Filter>
    </ClInclude>
    <ClInclude Include="goContour.h">
      <Filter>Header Files</Filter>
    </ClInclude>
    <ClInclude Include="goColorLump.h">
      <Filter>Header Files</Filter>
    </ClInclude>
    <ClInclude Include="GraticuleCoordinates.h">
      <Filter>Header Files</Filter>
    </ClInclude>
    <ClInclude Include="goSymbolPoint.h">
      <Filter>Header Files</Filter>
    </ClInclude>
    <ClInclude Include="goMark.h">
      <Filter>Header Files</Filter>
    </ClInclude>
    <ClInclude Include="goSymbolGeode.h">
      <Filter>Header Files</Filter>
    </ClInclude>
    <ClInclude Include="LegendInterface.h">
      <Filter>Header Files</Filter>
    </ClInclude>
    <ClInclude Include="SymbolLibraryInterface.h">
      <Filter>Header Files</Filter>
    </ClInclude>
    <ClInclude Include="goSymbolContainer.h">
      <Filter>Header Files</Filter>
    </ClInclude>
    <ClInclude Include="ManualDrawLayer.h">
      <Filter>Header Files</Filter>
    </ClInclude>
    <ClInclude Include="GeosOnTheOsg.h">
      <Filter>Header Files</Filter>
    </ClInclude>
    <ClInclude Include="goGeometryFactory.h">
      <Filter>Header Files</Filter>
    </ClInclude>
    <ClInclude Include="RadProjTransform.h">
      <Filter>Header Files</Filter>
    </ClInclude>
    <ClInclude Include="MapFactory.h">
      <Filter>Header Files</Filter>
    </ClInclude>
    <ClInclude Include="ProviderPluginsManager.h">
      <Filter>Header Files</Filter>
    </ClInclude>
    <ClInclude Include="PluginsManager.h">
      <Filter>Header Files</Filter>
    </ClInclude>
    <ClInclude Include="DefaultMapFactory.h">
      <Filter>Header Files</Filter>
    </ClInclude>
    <ClInclude Include="GisExtendPluginsManager.h">
      <Filter>Header Files</Filter>
    </ClInclude>
  </ItemGroup>
  <ItemGroup>
    <ClCompile Include="Field.cpp">
      <Filter>Source Files</Filter>
    </ClCompile>
    <ClCompile Include="Proj4Transform.cpp">
      <Filter>Source Files</Filter>
    </ClCompile>
    <ClCompile Include="goGeometry.cpp">
      <Filter>Source Files</Filter>
    </ClCompile>
    <ClCompile Include="goLineString.cpp">
      <Filter>Source Files</Filter>
    </ClCompile>
    <ClCompile Include="goPoint.cpp">
      <Filter>Source Files</Filter>
    </ClCompile>
    <ClCompile Include="goMultiLineString.cpp">
      <Filter>Source Files</Filter>
    </ClCompile>
    <ClCompile Include="goMultiPolygon.cpp">
      <Filter>Source Files</Filter>
    </ClCompile>
    <ClCompile Include="goLinearRing.cpp">
      <Filter>Source Files</Filter>
    </ClCompile>
    <ClCompile Include="goMultiPoint.cpp">
      <Filter>Source Files</Filter>
    </ClCompile>
    <ClCompile Include="goPolygon.cpp">
      <Filter>Source Files</Filter>
    </ClCompile>
    <ClCompile Include="GeoTo3DTransform.cpp">
      <Filter>Source Files</Filter>
    </ClCompile>
    <ClCompile Include="DataProvider.cpp">
      <Filter>Source Files</Filter>
    </ClCompile>
    <ClCompile Include="Layer.cpp">
      <Filter>Source Files</Filter>
    </ClCompile>
    <ClCompile Include="Map.cpp">
      <Filter>Source Files</Filter>
    </ClCompile>
    <ClCompile Include="VectorLayer.cpp">
      <Filter>Source Files</Filter>
    </ClCompile>
    <ClCompile Include="goQuadrilateral.cpp">
      <Filter>Source Files</Filter>
    </ClCompile>
    <ClCompile Include="RadarVectorLayer.cpp">
      <Filter>Source Files</Filter>
    </ClCompile>
    <ClCompile Include="OsgEarthTransform.cpp">
      <Filter>Source Files</Filter>
    </ClCompile>
    <ClCompile Include="goContour.cpp">
      <Filter>Source Files</Filter>
    </ClCompile>
    <ClCompile Include="goColorLump.cpp">
      <Filter>Source Files</Filter>
    </ClCompile>
    <ClCompile Include="GraticuleCoordinates.cpp">
      <Filter>Source Files</Filter>
    </ClCompile>
    <ClCompile Include="goSymbolPoint.cpp">
      <Filter>Source Files</Filter>
    </ClCompile>
    <ClCompile Include="goMark.cpp">
      <Filter>Source Files</Filter>
    </ClCompile>
    <ClCompile Include="goSymbolContainer.cpp">
      <Filter>Source Files</Filter>
    </ClCompile>
    <ClCompile Include="ManualDrawLayer.cpp">
      <Filter>Source Files</Filter>
    </ClCompile>
    <ClCompile Include="GeosOnTheOsg.cpp">
      <Filter>Source Files</Filter>
    </ClCompile>
    <ClCompile Include="goGeometryFactory.cpp">
      <Filter>Source Files</Filter>
    </ClCompile>
    <ClCompile Include="RadProjTransform.cpp">
      <Filter>Source Files</Filter>
    </ClCompile>
    <ClCompile Include="CoordinateTransform.cpp">
      <Filter>Source Files</Filter>
    </ClCompile>
    <ClCompile Include="goDllMain.cpp">
      <Filter>Source Files</Filter>
    </ClCompile>
    <ClCompile Include="ProviderPluginsManager.cpp">
      <Filter>Source Files</Filter>
    </ClCompile>
    <ClCompile Include="PluginsManager.cpp">
      <Filter>Source Files</Filter>
    </ClCompile>
    <ClCompile Include="DefaultMapFactory.cpp">
      <Filter>Source Files</Filter>
    </ClCompile>
    <ClCompile Include="GisExtendPluginsManager.cpp">
      <Filter>Source Files</Filter>
    </ClCompile>
  </ItemGroup>
  <ItemGroup>
    <None Include="ClassDiagram1.cd" />
  </ItemGroup>
</Project>